
Microsoft Visual Studio Solution File, Format Version 12.00
# Visual Studio 2012
Project("{FAE04EC0-301F-11D3-BF4B-00C04F79EFBC}") = "Algorithms", "Algorithms\Algorithms.csproj", "{FFD90F3A-AF9A-4E74-987E-38EB3E2EBE74}"
EndProject
Project("{FAE04EC0-301F-11D3-BF4B-00C04F79EFBC}") = "BstLite", "BstLite\BstLite.csproj", "{E2366A29-7584-4E28-B416-9A6C5184913B}"
EndProject
Global
	GlobalSection(SolutionConfigurationPlatforms) = preSolution
		Debug|x86 = Debug|x86
		Release|x86 = Release|x86
	EndGlobalSection
	GlobalSection(ProjectConfigurationPlatforms) = postSolution
		{E2366A29-7584-4E28-B416-9A6C5184913B}.Debug|x86.ActiveCfg = Debug|x86
		{E2366A29-7584-4E28-B416-9A6C5184913B}.Debug|x86.Build.0 = Debug|x86
		{E2366A29-7584-4E28-B416-9A6C5184913B}.Release|x86.ActiveCfg = Release|x86
		{E2366A29-7584-4E28-B416-9A6C5184913B}.Release|x86.Build.0 = Release|x86
		{FFD90F3A-AF9A-4E74-987E-38EB3E2EBE74}.Debug|x86.ActiveCfg = Debug|x86
		{FFD90F3A-AF9A-4E74-987E-38EB3E2EBE74}.Debug|x86.Build.0 = Debug|x86
		{FFD90F3A-AF9A-4E74-987E-38EB3E2EBE74}.Release|x86.ActiveCfg = Release|x86
		{FFD90F3A-AF9A-4E74-987E-38EB3E2EBE74}.Release|x86.Build.0 = Release|x86
	EndGlobalSection
	GlobalSection(MonoDevelopProperties) = preSolution
		StartupItem = BstLite\BstLite.csproj
	EndGlobalSection
EndGlobal
