<?xml version="1.0" encoding="UTF-8"?>
<!DOCTYPE plist PUBLIC "-//Apple//DTD PLIST 1.0//EN" "http://www.apple.com/DTDs/PropertyList-1.0.dtd">
<plist version="1.0">
<dict>
	<key>archiveVersion</key>
	<string>1</string>
	<key>classes</key>
	<dict/>
	<key>objectVersion</key>
	<string>46</string>
	<key>objects</key>
	<dict>
		<key>BB55C71B1A47F10800CEF3C4</key>
		<dict>
			<key>fileEncoding</key>
			<string>4</string>
			<key>isa</key>
			<string>PBXFileReference</string>
			<key>lastKnownFileType</key>
			<string>sourcecode.c.h</string>
			<key>path</key>
			<string>JVLinkedNode.h</string>
			<key>sourceTree</key>
			<string>&lt;group&gt;</string>
		</dict>
		<key>BB55C71C1A47F10800CEF3C4</key>
		<dict>
			<key>fileEncoding</key>
			<string>4</string>
			<key>isa</key>
			<string>PBXFileReference</string>
			<key>lastKnownFileType</key>
			<string>sourcecode.c.objc</string>
			<key>path</key>
			<string>JVLinkedNode.m</string>
			<key>sourceTree</key>
			<string>&lt;group&gt;</string>
		</dict>
		<key>BB55C71D1A47F10800CEF3C4</key>
		<dict>
			<key>fileRef</key>
			<string>BB55C71C1A47F10800CEF3C4</string>
			<key>isa</key>
			<string>PBXBuildFile</string>
		</dict>
		<key>BB55C71E1A47F10800CEF3C4</key>
		<dict>
			<key>fileRef</key>
			<string>BB55C71C1A47F10800CEF3C4</string>
			<key>isa</key>
			<string>PBXBuildFile</string>
		</dict>
		<key>BB55C71F1A47F23B00CEF3C4</key>
		<dict>
			<key>children</key>
			<array>
				<string>BB9534C41A594A7200207114</string>
				<string>BB59DE1D1A50B9CD000008DC</string>
				<string>BB59DE101A5097B9000008DC</string>
				<string>BB55C7251A48034500CEF3C4</string>
				<string>BB55C7201A47F23E00CEF3C4</string>
			</array>
			<key>isa</key>
			<string>PBXGroup</string>
			<key>path</key>
			<string>Data structures</string>
			<key>sourceTree</key>
			<string>&lt;group&gt;</string>
		</dict>
		<key>BB55C7201A47F23E00CEF3C4</key>
		<dict>
			<key>children</key>
			<array>
				<string>BB55C71B1A47F10800CEF3C4</string>
				<string>BB55C71C1A47F10800CEF3C4</string>
				<string>BB55C7211A47F24E00CEF3C4</string>
				<string>BB55C7221A47F24E00CEF3C4</string>
				<string>BB59DE0C1A5094F0000008DC</string>
				<string>BB59DE0D1A5094F0000008DC</string>
			</array>
			<key>isa</key>
			<string>PBXGroup</string>
			<key>path</key>
			<string>Linked lists</string>
			<key>sourceTree</key>
			<string>&lt;group&gt;</string>
		</dict>
		<key>BB55C7211A47F24E00CEF3C4</key>
		<dict>
			<key>fileEncoding</key>
			<string>4</string>
			<key>isa</key>
			<string>PBXFileReference</string>
			<key>lastKnownFileType</key>
			<string>sourcecode.c.h</string>
			<key>path</key>
			<string>JVLinkedList.h</string>
			<key>sourceTree</key>
			<string>&lt;group&gt;</string>
		</dict>
		<key>BB55C7221A47F24E00CEF3C4</key>
		<dict>
			<key>fileEncoding</key>
			<string>4</string>
			<key>isa</key>
			<string>PBXFileReference</string>
			<key>lastKnownFileType</key>
			<string>sourcecode.c.objc</string>
			<key>path</key>
			<string>JVLinkedList.m</string>
			<key>sourceTree</key>
			<string>&lt;group&gt;</string>
		</dict>
		<key>BB55C7231A47F24E00CEF3C4</key>
		<dict>
			<key>fileRef</key>
			<string>BB55C7221A47F24E00CEF3C4</string>
			<key>isa</key>
			<string>PBXBuildFile</string>
		</dict>
		<key>BB55C7241A47F24E00CEF3C4</key>
		<dict>
			<key>fileRef</key>
			<string>BB55C7221A47F24E00CEF3C4</string>
			<key>isa</key>
			<string>PBXBuildFile</string>
		</dict>
		<key>BB55C7251A48034500CEF3C4</key>
		<dict>
			<key>children</key>
			<array>
				<string>BB9534C01A589EE300207114</string>
				<string>BB9534C11A589EE300207114</string>
			</array>
			<key>isa</key>
			<string>PBXGroup</string>
			<key>path</key>
			<string>Trees</string>
			<key>sourceTree</key>
			<string>&lt;group&gt;</string>
		</dict>
		<key>BB55C7401A48E2F100CEF3C4</key>
		<dict>
			<key>fileEncoding</key>
			<string>4</string>
			<key>isa</key>
			<string>PBXFileReference</string>
			<key>lastKnownFileType</key>
			<string>sourcecode.c.h</string>
			<key>path</key>
			<string>JVQueue.h</string>
			<key>sourceTree</key>
			<string>&lt;group&gt;</string>
		</dict>
		<key>BB55C7411A48E2F100CEF3C4</key>
		<dict>
			<key>fileEncoding</key>
			<string>4</string>
			<key>isa</key>
			<string>PBXFileReference</string>
			<key>lastKnownFileType</key>
			<string>sourcecode.c.objc</string>
			<key>path</key>
			<string>JVQueue.m</string>
			<key>sourceTree</key>
			<string>&lt;group&gt;</string>
		</dict>
		<key>BB55C7421A48E2F100CEF3C4</key>
		<dict>
			<key>fileRef</key>
			<string>BB55C7411A48E2F100CEF3C4</string>
			<key>isa</key>
			<string>PBXBuildFile</string>
		</dict>
		<key>BB55C7431A48E2F100CEF3C4</key>
		<dict>
			<key>fileRef</key>
			<string>BB55C7411A48E2F100CEF3C4</string>
			<key>isa</key>
			<string>PBXBuildFile</string>
		</dict>
		<key>BB55C7441A4C32B600CEF3C4</key>
		<dict>
			<key>children</key>
			<array>
				<string>BB95352C1A5DD75D00207114</string>
				<string>BB9534BD1A58975B00207114</string>
				<string>BB55C7451A4C32BA00CEF3C4</string>
				<string>BBECC5AF1A3E22E3004C0DED</string>
			</array>
			<key>isa</key>
			<string>PBXGroup</string>
			<key>path</key>
			<string>Examples</string>
			<key>sourceTree</key>
			<string>&lt;group&gt;</string>
		</dict>
		<key>BB55C7451A4C32BA00CEF3C4</key>
		<dict>
			<key>children</key>
			<array>
				<string>BB59DE081A5058FE000008DC</string>
				<string>BB59DE091A5058FE000008DC</string>
			</array>
			<key>isa</key>
			<string>PBXGroup</string>
			<key>path</key>
			<string>LinkedList</string>
			<key>sourceTree</key>
			<string>&lt;group&gt;</string>
		</dict>
		<key>BB55C74A1A4C338600CEF3C4</key>
		<dict>
			<key>fileEncoding</key>
			<string>4</string>
			<key>isa</key>
			<string>PBXFileReference</string>
			<key>lastKnownFileType</key>
			<string>sourcecode.c.objc</string>
			<key>path</key>
			<string>LinkedListTests.m</string>
			<key>sourceTree</key>
			<string>&lt;group&gt;</string>
		</dict>
		<key>BB55C74B1A4C338600CEF3C4</key>
		<dict>
			<key>fileRef</key>
			<string>BB55C74A1A4C338600CEF3C4</string>
			<key>isa</key>
			<string>PBXBuildFile</string>
		</dict>
		<key>BB59DDFE1A504C06000008DC</key>
		<dict>
			<key>fileEncoding</key>
			<string>4</string>
			<key>isa</key>
			<string>PBXFileReference</string>
			<key>lastKnownFileType</key>
			<string>sourcecode.c.h</string>
			<key>path</key>
			<string>JVPriorityQueue.h</string>
			<key>sourceTree</key>
			<string>&lt;group&gt;</string>
		</dict>
		<key>BB59DDFF1A504C06000008DC</key>
		<dict>
			<key>fileEncoding</key>
			<string>4</string>
			<key>isa</key>
			<string>PBXFileReference</string>
			<key>lastKnownFileType</key>
			<string>sourcecode.c.objc</string>
			<key>path</key>
			<string>JVPriorityQueue.m</string>
			<key>sourceTree</key>
			<string>&lt;group&gt;</string>
		</dict>
		<key>BB59DE001A504C06000008DC</key>
		<dict>
			<key>fileRef</key>
			<string>BB59DDFF1A504C06000008DC</string>
			<key>isa</key>
			<string>PBXBuildFile</string>
		</dict>
		<key>BB59DE011A504C06000008DC</key>
		<dict>
			<key>fileRef</key>
			<string>BB59DDFF1A504C06000008DC</string>
			<key>isa</key>
			<string>PBXBuildFile</string>
		</dict>
		<key>BB59DE021A504F83000008DC</key>
		<dict>
			<key>fileEncoding</key>
			<string>4</string>
			<key>isa</key>
			<string>PBXFileReference</string>
			<key>lastKnownFileType</key>
			<string>sourcecode.c.objc</string>
			<key>path</key>
			<string>DataStructureTests.m</string>
			<key>sourceTree</key>
			<string>&lt;group&gt;</string>
		</dict>
		<key>BB59DE031A504F83000008DC</key>
		<dict>
			<key>fileRef</key>
			<string>BB59DE021A504F83000008DC</string>
			<key>isa</key>
			<string>PBXBuildFile</string>
		</dict>
		<key>BB59DE081A5058FE000008DC</key>
		<dict>
			<key>fileEncoding</key>
			<string>4</string>
			<key>isa</key>
			<string>PBXFileReference</string>
			<key>lastKnownFileType</key>
			<string>sourcecode.c.h</string>
			<key>path</key>
			<string>JVLinkedNode+Examples.h</string>
			<key>sourceTree</key>
			<string>&lt;group&gt;</string>
		</dict>
		<key>BB59DE091A5058FE000008DC</key>
		<dict>
			<key>fileEncoding</key>
			<string>4</string>
			<key>isa</key>
			<string>PBXFileReference</string>
			<key>lastKnownFileType</key>
			<string>sourcecode.c.objc</string>
			<key>path</key>
			<string>JVLinkedNode+Examples.m</string>
			<key>sourceTree</key>
			<string>&lt;group&gt;</string>
		</dict>
		<key>BB59DE0A1A5058FE000008DC</key>
		<dict>
			<key>fileRef</key>
			<string>BB59DE091A5058FE000008DC</string>
			<key>isa</key>
			<string>PBXBuildFile</string>
		</dict>
		<key>BB59DE0B1A5058FE000008DC</key>
		<dict>
			<key>fileRef</key>
			<string>BB59DE091A5058FE000008DC</string>
			<key>isa</key>
			<string>PBXBuildFile</string>
		</dict>
		<key>BB59DE0C1A5094F0000008DC</key>
		<dict>
			<key>fileEncoding</key>
			<string>4</string>
			<key>isa</key>
			<string>PBXFileReference</string>
			<key>lastKnownFileType</key>
			<string>sourcecode.c.h</string>
			<key>path</key>
			<string>JVDoublyLinkedNode.h</string>
			<key>sourceTree</key>
			<string>&lt;group&gt;</string>
		</dict>
		<key>BB59DE0D1A5094F0000008DC</key>
		<dict>
			<key>fileEncoding</key>
			<string>4</string>
			<key>isa</key>
			<string>PBXFileReference</string>
			<key>lastKnownFileType</key>
			<string>sourcecode.c.objc</string>
			<key>path</key>
			<string>JVDoublyLinkedNode.m</string>
			<key>sourceTree</key>
			<string>&lt;group&gt;</string>
		</dict>
		<key>BB59DE0E1A5094F0000008DC</key>
		<dict>
			<key>fileRef</key>
			<string>BB59DE0D1A5094F0000008DC</string>
			<key>isa</key>
			<string>PBXBuildFile</string>
		</dict>
		<key>BB59DE0F1A5094F0000008DC</key>
		<dict>
			<key>fileRef</key>
			<string>BB59DE0D1A5094F0000008DC</string>
			<key>isa</key>
			<string>PBXBuildFile</string>
		</dict>
		<key>BB59DE101A5097B9000008DC</key>
		<dict>
			<key>children</key>
			<array>
				<string>BB59DE111A5097C9000008DC</string>
				<string>BB59DE121A5097C9000008DC</string>
			</array>
			<key>isa</key>
			<string>PBXGroup</string>
			<key>path</key>
			<string>Cache</string>
			<key>sourceTree</key>
			<string>&lt;group&gt;</string>
		</dict>
		<key>BB59DE111A5097C9000008DC</key>
		<dict>
			<key>fileEncoding</key>
			<string>4</string>
			<key>isa</key>
			<string>PBXFileReference</string>
			<key>lastKnownFileType</key>
			<string>sourcecode.c.h</string>
			<key>path</key>
			<string>JVLRUCache.h</string>
			<key>sourceTree</key>
			<string>&lt;group&gt;</string>
		</dict>
		<key>BB59DE121A5097C9000008DC</key>
		<dict>
			<key>fileEncoding</key>
			<string>4</string>
			<key>isa</key>
			<string>PBXFileReference</string>
			<key>lastKnownFileType</key>
			<string>sourcecode.c.objc</string>
			<key>path</key>
			<string>JVLRUCache.m</string>
			<key>sourceTree</key>
			<string>&lt;group&gt;</string>
		</dict>
		<key>BB59DE131A5097C9000008DC</key>
		<dict>
			<key>fileRef</key>
			<string>BB59DE121A5097C9000008DC</string>
			<key>isa</key>
			<string>PBXBuildFile</string>
		</dict>
		<key>BB59DE141A5097C9000008DC</key>
		<dict>
			<key>fileRef</key>
			<string>BB59DE121A5097C9000008DC</string>
			<key>isa</key>
			<string>PBXBuildFile</string>
		</dict>
		<key>BB59DE191A50B868000008DC</key>
		<dict>
			<key>fileEncoding</key>
			<string>4</string>
			<key>isa</key>
			<string>PBXFileReference</string>
			<key>lastKnownFileType</key>
			<string>sourcecode.c.h</string>
			<key>path</key>
			<string>JVStringArrayMatrix.h</string>
			<key>sourceTree</key>
			<string>&lt;group&gt;</string>
		</dict>
		<key>BB59DE1A1A50B868000008DC</key>
		<dict>
			<key>fileEncoding</key>
			<string>4</string>
			<key>isa</key>
			<string>PBXFileReference</string>
			<key>lastKnownFileType</key>
			<string>sourcecode.c.objc</string>
			<key>path</key>
			<string>JVStringArrayMatrix.m</string>
			<key>sourceTree</key>
			<string>&lt;group&gt;</string>
		</dict>
		<key>BB59DE1B1A50B868000008DC</key>
		<dict>
			<key>fileRef</key>
			<string>BB59DE1A1A50B868000008DC</string>
			<key>isa</key>
			<string>PBXBuildFile</string>
		</dict>
		<key>BB59DE1C1A50B868000008DC</key>
		<dict>
			<key>fileRef</key>
			<string>BB59DE1A1A50B868000008DC</string>
			<key>isa</key>
			<string>PBXBuildFile</string>
		</dict>
		<key>BB59DE1D1A50B9CD000008DC</key>
		<dict>
			<key>children</key>
			<array>
				<string>BBECC5B61A3E2748004C0DED</string>
				<string>BBECC5B71A3E2748004C0DED</string>
				<string>BB55C7401A48E2F100CEF3C4</string>
				<string>BB55C7411A48E2F100CEF3C4</string>
				<string>BB59DDFE1A504C06000008DC</string>
				<string>BB59DDFF1A504C06000008DC</string>
			</array>
			<key>isa</key>
			<string>PBXGroup</string>
			<key>path</key>
			<string>Basic</string>
			<key>sourceTree</key>
			<string>&lt;group&gt;</string>
		</dict>
		<key>BB59DE1E1A50D3FA000008DC</key>
		<dict>
			<key>children</key>
			<array>
				<string>BB59DE1F1A50D410000008DC</string>
				<string>BB59DE201A50D410000008DC</string>
				<string>BB59DE211A50D410000008DC</string>
				<string>BB59DE221A50D410000008DC</string>
				<string>BB59DE231A50D410000008DC</string>
				<string>BB59DE241A50D410000008DC</string>
			</array>
			<key>isa</key>
			<string>PBXGroup</string>
			<key>path</key>
			<string>LocalTestData</string>
			<key>sourceTree</key>
			<string>&lt;group&gt;</string>
		</dict>
		<key>BB59DE1F1A50D410000008DC</key>
		<dict>
			<key>fileEncoding</key>
			<string>4</string>
			<key>isa</key>
			<string>PBXFileReference</string>
			<key>lastKnownFileType</key>
			<string>text</string>
			<key>path</key>
			<string>input000.txt</string>
			<key>sourceTree</key>
			<string>&lt;group&gt;</string>
		</dict>
		<key>BB59DE201A50D410000008DC</key>
		<dict>
			<key>fileEncoding</key>
			<string>4</string>
			<key>isa</key>
			<string>PBXFileReference</string>
			<key>lastKnownFileType</key>
			<string>text</string>
			<key>path</key>
			<string>input001.txt</string>
			<key>sourceTree</key>
			<string>&lt;group&gt;</string>
		</dict>
		<key>BB59DE211A50D410000008DC</key>
		<dict>
			<key>fileEncoding</key>
			<string>4</string>
			<key>isa</key>
			<string>PBXFileReference</string>
			<key>lastKnownFileType</key>
			<string>text</string>
			<key>path</key>
			<string>input002.txt</string>
			<key>sourceTree</key>
			<string>&lt;group&gt;</string>
		</dict>
		<key>BB59DE221A50D410000008DC</key>
		<dict>
			<key>fileEncoding</key>
			<string>4</string>
			<key>isa</key>
			<string>PBXFileReference</string>
			<key>lastKnownFileType</key>
			<string>text</string>
			<key>path</key>
			<string>output000.txt</string>
			<key>sourceTree</key>
			<string>&lt;group&gt;</string>
		</dict>
		<key>BB59DE231A50D410000008DC</key>
		<dict>
			<key>fileEncoding</key>
			<string>4</string>
			<key>isa</key>
			<string>PBXFileReference</string>
			<key>lastKnownFileType</key>
			<string>text</string>
			<key>path</key>
			<string>output001.txt</string>
			<key>sourceTree</key>
			<string>&lt;group&gt;</string>
		</dict>
		<key>BB59DE241A50D410000008DC</key>
		<dict>
			<key>fileEncoding</key>
			<string>4</string>
			<key>isa</key>
			<string>PBXFileReference</string>
			<key>lastKnownFileType</key>
			<string>text</string>
			<key>path</key>
			<string>output002.txt</string>
			<key>sourceTree</key>
			<string>&lt;group&gt;</string>
		</dict>
		<key>BB59DE251A50D410000008DC</key>
		<dict>
			<key>fileRef</key>
			<string>BB59DE1F1A50D410000008DC</string>
			<key>isa</key>
			<string>PBXBuildFile</string>
		</dict>
		<key>BB59DE261A50D410000008DC</key>
		<dict>
			<key>fileRef</key>
			<string>BB59DE201A50D410000008DC</string>
			<key>isa</key>
			<string>PBXBuildFile</string>
		</dict>
		<key>BB59DE271A50D410000008DC</key>
		<dict>
			<key>fileRef</key>
			<string>BB59DE211A50D410000008DC</string>
			<key>isa</key>
			<string>PBXBuildFile</string>
		</dict>
		<key>BB59DE281A50D410000008DC</key>
		<dict>
			<key>fileRef</key>
			<string>BB59DE221A50D410000008DC</string>
			<key>isa</key>
			<string>PBXBuildFile</string>
		</dict>
		<key>BB59DE291A50D410000008DC</key>
		<dict>
			<key>fileRef</key>
			<string>BB59DE231A50D410000008DC</string>
			<key>isa</key>
			<string>PBXBuildFile</string>
		</dict>
		<key>BB59DE2A1A50D410000008DC</key>
		<dict>
			<key>fileRef</key>
			<string>BB59DE241A50D410000008DC</string>
			<key>isa</key>
			<string>PBXBuildFile</string>
		</dict>
		<key>BB9534BD1A58975B00207114</key>
		<dict>
			<key>children</key>
			<array>
				<string>BB9535281A59C03600207114</string>
				<string>BB9535291A59C03600207114</string>
			</array>
			<key>isa</key>
			<string>PBXGroup</string>
			<key>path</key>
			<string>Trees</string>
			<key>sourceTree</key>
			<string>&lt;group&gt;</string>
		</dict>
		<key>BB9534BE1A58977600207114</key>
		<dict>
			<key>fileEncoding</key>
			<string>4</string>
			<key>isa</key>
			<string>PBXFileReference</string>
			<key>lastKnownFileType</key>
			<string>sourcecode.c.objc</string>
			<key>path</key>
			<string>TreeTests.m</string>
			<key>sourceTree</key>
			<string>&lt;group&gt;</string>
		</dict>
		<key>BB9534BF1A58977600207114</key>
		<dict>
			<key>fileRef</key>
			<string>BB9534BE1A58977600207114</string>
			<key>isa</key>
			<string>PBXBuildFile</string>
		</dict>
		<key>BB9534C01A589EE300207114</key>
		<dict>
			<key>fileEncoding</key>
			<string>4</string>
			<key>isa</key>
			<string>PBXFileReference</string>
			<key>lastKnownFileType</key>
			<string>sourcecode.c.h</string>
			<key>path</key>
			<string>JVTree.h</string>
			<key>sourceTree</key>
			<string>&lt;group&gt;</string>
		</dict>
		<key>BB9534C11A589EE300207114</key>
		<dict>
			<key>fileEncoding</key>
			<string>4</string>
			<key>isa</key>
			<string>PBXFileReference</string>
			<key>lastKnownFileType</key>
			<string>sourcecode.c.objc</string>
			<key>path</key>
			<string>JVTree.m</string>
			<key>sourceTree</key>
			<string>&lt;group&gt;</string>
		</dict>
		<key>BB9534C21A589EE300207114</key>
		<dict>
			<key>fileRef</key>
			<string>BB9534C11A589EE300207114</string>
			<key>isa</key>
			<string>PBXBuildFile</string>
		</dict>
		<key>BB9534C31A58A35F00207114</key>
		<dict>
			<key>fileRef</key>
			<string>BB9534C11A589EE300207114</string>
			<key>isa</key>
			<string>PBXBuildFile</string>
		</dict>
		<key>BB9534C41A594A7200207114</key>
		<dict>
			<key>children</key>
			<array>
				<string>BB9534C51A594A9B00207114</string>
				<string>BB9534C61A594A9B00207114</string>
			</array>
			<key>isa</key>
			<string>PBXGroup</string>
			<key>path</key>
			<string>Extensions</string>
			<key>sourceTree</key>
			<string>&lt;group&gt;</string>
		</dict>
		<key>BB9534C51A594A9B00207114</key>
		<dict>
			<key>fileEncoding</key>
			<string>4</string>
			<key>isa</key>
			<string>PBXFileReference</string>
			<key>lastKnownFileType</key>
			<string>sourcecode.c.h</string>
			<key>path</key>
			<string>NSArray+MapFilterReduce.h</string>
			<key>sourceTree</key>
			<string>&lt;group&gt;</string>
		</dict>
		<key>BB9534C61A594A9B00207114</key>
		<dict>
			<key>fileEncoding</key>
			<string>4</string>
			<key>isa</key>
			<string>PBXFileReference</string>
			<key>lastKnownFileType</key>
			<string>sourcecode.c.objc</string>
			<key>path</key>
			<string>NSArray+MapFilterReduce.m</string>
			<key>sourceTree</key>
			<string>&lt;group&gt;</string>
		</dict>
		<key>BB9534C71A594A9B00207114</key>
		<dict>
			<key>fileRef</key>
			<string>BB9534C61A594A9B00207114</string>
			<key>isa</key>
			<string>PBXBuildFile</string>
		</dict>
		<key>BB9534C81A594A9B00207114</key>
		<dict>
			<key>fileRef</key>
			<string>BB9534C61A594A9B00207114</string>
			<key>isa</key>
			<string>PBXBuildFile</string>
		</dict>
		<key>BB9535281A59C03600207114</key>
		<dict>
			<key>fileEncoding</key>
			<string>4</string>
			<key>isa</key>
			<string>PBXFileReference</string>
			<key>lastKnownFileType</key>
			<string>sourcecode.c.h</string>
			<key>path</key>
			<string>JVTree+Examples.h</string>
			<key>sourceTree</key>
			<string>&lt;group&gt;</string>
		</dict>
		<key>BB9535291A59C03600207114</key>
		<dict>
			<key>fileEncoding</key>
			<string>4</string>
			<key>isa</key>
			<string>PBXFileReference</string>
			<key>lastKnownFileType</key>
			<string>sourcecode.c.objc</string>
			<key>path</key>
			<string>JVTree+Examples.m</string>
			<key>sourceTree</key>
			<string>&lt;group&gt;</string>
		</dict>
		<key>BB95352A1A59C03600207114</key>
		<dict>
			<key>fileRef</key>
			<string>BB9535291A59C03600207114</string>
			<key>isa</key>
			<string>PBXBuildFile</string>
		</dict>
		<key>BB95352B1A59C03600207114</key>
		<dict>
			<key>fileRef</key>
			<string>BB9535291A59C03600207114</string>
			<key>isa</key>
			<string>PBXBuildFile</string>
		</dict>
		<key>BB95352C1A5DD75D00207114</key>
		<dict>
			<key>children</key>
			<array>
				<string>BB9535311A5DDD0B00207114</string>
				<string>BB9535321A5DDD0B00207114</string>
			</array>
			<key>isa</key>
			<string>PBXGroup</string>
			<key>name</key>
			<string>Sorting</string>
			<key>path</key>
			<string>Sorting</string>
			<key>sourceTree</key>
			<string>&lt;group&gt;</string>
		</dict>
		<key>BB9535311A5DDD0B00207114</key>
		<dict>
			<key>fileEncoding</key>
			<string>4</string>
			<key>isa</key>
			<string>PBXFileReference</string>
			<key>lastKnownFileType</key>
			<string>sourcecode.c.h</string>
			<key>path</key>
			<string>NSArray+SortingExamples.h</string>
			<key>sourceTree</key>
			<string>&lt;group&gt;</string>
		</dict>
		<key>BB9535321A5DDD0B00207114</key>
		<dict>
			<key>fileEncoding</key>
			<string>4</string>
			<key>isa</key>
			<string>PBXFileReference</string>
			<key>lastKnownFileType</key>
			<string>sourcecode.c.objc</string>
			<key>path</key>
			<string>NSArray+SortingExamples.m</string>
			<key>sourceTree</key>
			<string>&lt;group&gt;</string>
		</dict>
		<key>BB9535331A5DDD0B00207114</key>
		<dict>
			<key>fileRef</key>
			<string>BB9535321A5DDD0B00207114</string>
			<key>isa</key>
			<string>PBXBuildFile</string>
		</dict>
		<key>BB9535341A5DDD0B00207114</key>
		<dict>
			<key>fileRef</key>
			<string>BB9535321A5DDD0B00207114</string>
			<key>isa</key>
			<string>PBXBuildFile</string>
		</dict>
		<key>BB9535351A5DDD8E00207114</key>
		<dict>
			<key>fileEncoding</key>
			<string>4</string>
			<key>isa</key>
			<string>PBXFileReference</string>
			<key>lastKnownFileType</key>
			<string>sourcecode.c.objc</string>
			<key>path</key>
			<string>SortTests.m</string>
			<key>sourceTree</key>
			<string>&lt;group&gt;</string>
		</dict>
		<key>BB9535361A5DDD8E00207114</key>
		<dict>
			<key>fileRef</key>
			<string>BB9535351A5DDD8E00207114</string>
			<key>isa</key>
			<string>PBXBuildFile</string>
		</dict>
		<key>BBECC5861A3E1D8D004C0DED</key>
		<dict>
			<key>children</key>
			<array>
				<string>BBECC5911A3E1D8D004C0DED</string>
				<string>BBECC59E1A3E1E3E004C0DED</string>
				<string>BBECC5901A3E1D8D004C0DED</string>
			</array>
			<key>isa</key>
			<string>PBXGroup</string>
			<key>sourceTree</key>
			<string>&lt;group&gt;</string>
		</dict>
		<key>BBECC5871A3E1D8D004C0DED</key>
		<dict>
			<key>attributes</key>
			<dict>
				<key>LastUpgradeCheck</key>
				<string>0610</string>
				<key>ORGANIZATIONNAME</key>
				<string>Jozsef Vesza</string>
				<key>TargetAttributes</key>
				<dict>
					<key>BBECC58E1A3E1D8D004C0DED</key>
					<dict>
						<key>CreatedOnToolsVersion</key>
						<string>6.1.1</string>
					</dict>
					<key>BBECC59C1A3E1E3E004C0DED</key>
					<dict>
						<key>CreatedOnToolsVersion</key>
						<string>6.1.1</string>
					</dict>
				</dict>
			</dict>
			<key>buildConfigurationList</key>
			<string>BBECC58A1A3E1D8D004C0DED</string>
			<key>compatibilityVersion</key>
			<string>Xcode 3.2</string>
			<key>developmentRegion</key>
			<string>English</string>
			<key>hasScannedForEncodings</key>
			<string>0</string>
			<key>isa</key>
			<string>PBXProject</string>
			<key>knownRegions</key>
			<array>
				<string>en</string>
			</array>
			<key>mainGroup</key>
			<string>BBECC5861A3E1D8D004C0DED</string>
			<key>productRefGroup</key>
			<string>BBECC5901A3E1D8D004C0DED</string>
			<key>projectDirPath</key>
			<string></string>
			<key>projectReferences</key>
			<array/>
			<key>projectRoot</key>
			<string></string>
			<key>targets</key>
			<array>
				<string>BBECC58E1A3E1D8D004C0DED</string>
				<string>BBECC59C1A3E1E3E004C0DED</string>
			</array>
		</dict>
		<key>BBECC58A1A3E1D8D004C0DED</key>
		<dict>
			<key>buildConfigurations</key>
			<array>
				<string>BBECC5941A3E1D8D004C0DED</string>
				<string>BBECC5951A3E1D8D004C0DED</string>
			</array>
			<key>defaultConfigurationIsVisible</key>
			<string>0</string>
			<key>defaultConfigurationName</key>
			<string>Release</string>
			<key>isa</key>
			<string>XCConfigurationList</string>
		</dict>
		<key>BBECC58B1A3E1D8D004C0DED</key>
		<dict>
			<key>buildActionMask</key>
			<string>2147483647</string>
			<key>files</key>
			<array>
				<string>BB9534C21A589EE300207114</string>
				<string>BB59DE131A5097C9000008DC</string>
				<string>BB55C7231A47F24E00CEF3C4</string>
				<string>BB55C7421A48E2F100CEF3C4</string>
				<string>BB59DE0E1A5094F0000008DC</string>
				<string>BB59DE001A504C06000008DC</string>
				<string>BBECC5B81A3E2748004C0DED</string>
				<string>BB95352A1A59C03600207114</string>
				<string>BB9535331A5DDD0B00207114</string>
				<string>BB9534C71A594A9B00207114</string>
				<string>BBECC5931A3E1D8D004C0DED</string>
				<string>BB59DE0A1A5058FE000008DC</string>
				<string>BB55C71D1A47F10800CEF3C4</string>
				<string>BB59DE1B1A50B868000008DC</string>
			</array>
			<key>isa</key>
			<string>PBXSourcesBuildPhase</string>
			<key>runOnlyForDeploymentPostprocessing</key>
			<string>0</string>
		</dict>
		<key>BBECC58C1A3E1D8D004C0DED</key>
		<dict>
			<key>buildActionMask</key>
			<string>2147483647</string>
			<key>files</key>
			<array/>
			<key>isa</key>
			<string>PBXFrameworksBuildPhase</string>
			<key>runOnlyForDeploymentPostprocessing</key>
			<string>0</string>
		</dict>
		<key>BBECC58D1A3E1D8D004C0DED</key>
		<dict>
			<key>buildActionMask</key>
			<string>2147483647</string>
			<key>dstPath</key>
			<string>/usr/share/man/man1/</string>
			<key>dstSubfolderSpec</key>
			<string>0</string>
			<key>files</key>
			<array/>
			<key>isa</key>
			<string>PBXCopyFilesBuildPhase</string>
			<key>runOnlyForDeploymentPostprocessing</key>
			<string>1</string>
		</dict>
		<key>BBECC58E1A3E1D8D004C0DED</key>
		<dict>
			<key>buildConfigurationList</key>
			<string>BBECC5961A3E1D8D004C0DED</string>
			<key>buildPhases</key>
			<array>
				<string>BBECC58B1A3E1D8D004C0DED</string>
				<string>BBECC58C1A3E1D8D004C0DED</string>
				<string>BBECC58D1A3E1D8D004C0DED</string>
			</array>
			<key>buildRules</key>
			<array/>
			<key>dependencies</key>
			<array/>
			<key>isa</key>
			<string>PBXNativeTarget</string>
			<key>name</key>
			<string>ObjCAlgorithms</string>
			<key>productName</key>
			<string>ObjCAlgorithms</string>
			<key>productReference</key>
			<string>BBECC58F1A3E1D8D004C0DED</string>
			<key>productType</key>
			<string>com.apple.product-type.tool</string>
		</dict>
		<key>BBECC58F1A3E1D8D004C0DED</key>
		<dict>
			<key>explicitFileType</key>
			<string>compiled.mach-o.executable</string>
			<key>includeInIndex</key>
			<string>0</string>
			<key>isa</key>
			<string>PBXFileReference</string>
			<key>path</key>
			<string>ObjCAlgorithms</string>
			<key>sourceTree</key>
			<string>BUILT_PRODUCTS_DIR</string>
		</dict>
		<key>BBECC5901A3E1D8D004C0DED</key>
		<dict>
			<key>children</key>
			<array>
				<string>BBECC58F1A3E1D8D004C0DED</string>
				<string>BBECC59D1A3E1E3E004C0DED</string>
			</array>
			<key>isa</key>
			<string>PBXGroup</string>
			<key>name</key>
			<string>Products</string>
			<key>sourceTree</key>
			<string>&lt;group&gt;</string>
		</dict>
		<key>BBECC5911A3E1D8D004C0DED</key>
		<dict>
			<key>children</key>
			<array>
				<string>BB55C7441A4C32B600CEF3C4</string>
				<string>BB55C71F1A47F23B00CEF3C4</string>
				<string>BBECC5921A3E1D8D004C0DED</string>
			</array>
			<key>isa</key>
			<string>PBXGroup</string>
			<key>path</key>
			<string>ObjCAlgorithms</string>
			<key>sourceTree</key>
			<string>&lt;group&gt;</string>
		</dict>
		<key>BBECC5921A3E1D8D004C0DED</key>
		<dict>
			<key>isa</key>
			<string>PBXFileReference</string>
			<key>lastKnownFileType</key>
			<string>sourcecode.c.objc</string>
			<key>path</key>
			<string>main.m</string>
			<key>sourceTree</key>
			<string>&lt;group&gt;</string>
		</dict>
		<key>BBECC5931A3E1D8D004C0DED</key>
		<dict>
			<key>fileRef</key>
			<string>BBECC5921A3E1D8D004C0DED</string>
			<key>isa</key>
			<string>PBXBuildFile</string>
		</dict>
		<key>BBECC5941A3E1D8D004C0DED</key>
		<dict>
			<key>buildSettings</key>
			<dict>
				<key>ALWAYS_SEARCH_USER_PATHS</key>
				<string>NO</string>
				<key>CLANG_CXX_LANGUAGE_STANDARD</key>
				<string>gnu++0x</string>
				<key>CLANG_CXX_LIBRARY</key>
				<string>libc++</string>
				<key>CLANG_ENABLE_MODULES</key>
				<string>YES</string>
				<key>CLANG_ENABLE_OBJC_ARC</key>
				<string>YES</string>
				<key>CLANG_WARN_BOOL_CONVERSION</key>
				<string>YES</string>
				<key>CLANG_WARN_CONSTANT_CONVERSION</key>
				<string>YES</string>
				<key>CLANG_WARN_DIRECT_OBJC_ISA_USAGE</key>
				<string>YES_ERROR</string>
				<key>CLANG_WARN_EMPTY_BODY</key>
				<string>YES</string>
				<key>CLANG_WARN_ENUM_CONVERSION</key>
				<string>YES</string>
				<key>CLANG_WARN_INT_CONVERSION</key>
				<string>YES</string>
				<key>CLANG_WARN_OBJC_ROOT_CLASS</key>
				<string>YES_ERROR</string>
				<key>CLANG_WARN_UNREACHABLE_CODE</key>
				<string>YES</string>
				<key>CLANG_WARN__DUPLICATE_METHOD_MATCH</key>
				<string>YES</string>
				<key>COPY_PHASE_STRIP</key>
				<string>NO</string>
				<key>ENABLE_STRICT_OBJC_MSGSEND</key>
				<string>YES</string>
				<key>GCC_C_LANGUAGE_STANDARD</key>
				<string>gnu99</string>
				<key>GCC_DYNAMIC_NO_PIC</key>
				<string>NO</string>
				<key>GCC_OPTIMIZATION_LEVEL</key>
				<string>0</string>
				<key>GCC_PREPROCESSOR_DEFINITIONS</key>
				<array>
					<string>DEBUG=1</string>
					<string>$(inherited)</string>
				</array>
				<key>GCC_SYMBOLS_PRIVATE_EXTERN</key>
				<string>NO</string>
				<key>GCC_WARN_64_TO_32_BIT_CONVERSION</key>
				<string>YES</string>
				<key>GCC_WARN_ABOUT_RETURN_TYPE</key>
				<string>YES_ERROR</string>
				<key>GCC_WARN_UNDECLARED_SELECTOR</key>
				<string>YES</string>
				<key>GCC_WARN_UNINITIALIZED_AUTOS</key>
				<string>YES_AGGRESSIVE</string>
				<key>GCC_WARN_UNUSED_FUNCTION</key>
				<string>YES</string>
				<key>GCC_WARN_UNUSED_VARIABLE</key>
				<string>YES</string>
				<key>MACOSX_DEPLOYMENT_TARGET</key>
				<string>10.10</string>
				<key>MTL_ENABLE_DEBUG_INFO</key>
				<string>YES</string>
				<key>ONLY_ACTIVE_ARCH</key>
				<string>YES</string>
				<key>SDKROOT</key>
				<string>macosx</string>
			</dict>
			<key>isa</key>
			<string>XCBuildConfiguration</string>
			<key>name</key>
			<string>Debug</string>
		</dict>
		<key>BBECC5951A3E1D8D004C0DED</key>
		<dict>
			<key>buildSettings</key>
			<dict>
				<key>ALWAYS_SEARCH_USER_PATHS</key>
				<string>NO</string>
				<key>CLANG_CXX_LANGUAGE_STANDARD</key>
				<string>gnu++0x</string>
				<key>CLANG_CXX_LIBRARY</key>
				<string>libc++</string>
				<key>CLANG_ENABLE_MODULES</key>
				<string>YES</string>
				<key>CLANG_ENABLE_OBJC_ARC</key>
				<string>YES</string>
				<key>CLANG_WARN_BOOL_CONVERSION</key>
				<string>YES</string>
				<key>CLANG_WARN_CONSTANT_CONVERSION</key>
				<string>YES</string>
				<key>CLANG_WARN_DIRECT_OBJC_ISA_USAGE</key>
				<string>YES_ERROR</string>
				<key>CLANG_WARN_EMPTY_BODY</key>
				<string>YES</string>
				<key>CLANG_WARN_ENUM_CONVERSION</key>
				<string>YES</string>
				<key>CLANG_WARN_INT_CONVERSION</key>
				<string>YES</string>
				<key>CLANG_WARN_OBJC_ROOT_CLASS</key>
				<string>YES_ERROR</string>
				<key>CLANG_WARN_UNREACHABLE_CODE</key>
				<string>YES</string>
				<key>CLANG_WARN__DUPLICATE_METHOD_MATCH</key>
				<string>YES</string>
				<key>COPY_PHASE_STRIP</key>
				<string>YES</string>
				<key>DEBUG_INFORMATION_FORMAT</key>
				<string>dwarf-with-dsym</string>
				<key>ENABLE_NS_ASSERTIONS</key>
				<string>NO</string>
				<key>ENABLE_STRICT_OBJC_MSGSEND</key>
				<string>YES</string>
				<key>GCC_C_LANGUAGE_STANDARD</key>
				<string>gnu99</string>
				<key>GCC_WARN_64_TO_32_BIT_CONVERSION</key>
				<string>YES</string>
				<key>GCC_WARN_ABOUT_RETURN_TYPE</key>
				<string>YES_ERROR</string>
				<key>GCC_WARN_UNDECLARED_SELECTOR</key>
				<string>YES</string>
				<key>GCC_WARN_UNINITIALIZED_AUTOS</key>
				<string>YES_AGGRESSIVE</string>
				<key>GCC_WARN_UNUSED_FUNCTION</key>
				<string>YES</string>
				<key>GCC_WARN_UNUSED_VARIABLE</key>
				<string>YES</string>
				<key>MACOSX_DEPLOYMENT_TARGET</key>
				<string>10.10</string>
				<key>MTL_ENABLE_DEBUG_INFO</key>
				<string>NO</string>
				<key>SDKROOT</key>
				<string>macosx</string>
			</dict>
			<key>isa</key>
			<string>XCBuildConfiguration</string>
			<key>name</key>
			<string>Release</string>
		</dict>
		<key>BBECC5961A3E1D8D004C0DED</key>
		<dict>
			<key>buildConfigurations</key>
			<array>
				<string>BBECC5971A3E1D8D004C0DED</string>
				<string>BBECC5981A3E1D8D004C0DED</string>
			</array>
			<key>defaultConfigurationIsVisible</key>
			<string>0</string>
			<key>defaultConfigurationName</key>
			<string>Release</string>
			<key>isa</key>
			<string>XCConfigurationList</string>
		</dict>
		<key>BBECC5971A3E1D8D004C0DED</key>
		<dict>
			<key>buildSettings</key>
			<dict>
				<key>PRODUCT_NAME</key>
				<string>$(TARGET_NAME)</string>
			</dict>
			<key>isa</key>
			<string>XCBuildConfiguration</string>
			<key>name</key>
			<string>Debug</string>
		</dict>
		<key>BBECC5981A3E1D8D004C0DED</key>
		<dict>
			<key>buildSettings</key>
			<dict>
				<key>PRODUCT_NAME</key>
				<string>$(TARGET_NAME)</string>
			</dict>
			<key>isa</key>
			<string>XCBuildConfiguration</string>
			<key>name</key>
			<string>Release</string>
		</dict>
		<key>BBECC5991A3E1E3E004C0DED</key>
		<dict>
			<key>buildActionMask</key>
			<string>2147483647</string>
			<key>files</key>
			<array>
				<string>BB9534BF1A58977600207114</string>
				<string>BB55C7241A47F24E00CEF3C4</string>
				<string>BB59DE0B1A5058FE000008DC</string>
				<string>BB59DE0F1A5094F0000008DC</string>
				<string>BB55C7431A48E2F100CEF3C4</string>
				<string>BBECC5B91A3E2748004C0DED</string>
				<string>BB95352B1A59C03600207114</string>
				<string>BBECC5A21A3E1E3E004C0DED</string>
				<string>BB9534C81A594A9B00207114</string>
				<string>BB9535361A5DDD8E00207114</string>
				<string>BB55C74B1A4C338600CEF3C4</string>
				<string>BB59DE011A504C06000008DC</string>
				<string>BB55C71E1A47F10800CEF3C4</string>
				<string>BB59DE1C1A50B868000008DC</string>
				<string>BB9535341A5DDD0B00207114</string>
				<string>BB9534C31A58A35F00207114</string>
				<string>BB59DE141A5097C9000008DC</string>
				<string>BB59DE031A504F83000008DC</string>
			</array>
			<key>isa</key>
			<string>PBXSourcesBuildPhase</string>
			<key>runOnlyForDeploymentPostprocessing</key>
			<string>0</string>
		</dict>
		<key>BBECC59A1A3E1E3E004C0DED</key>
		<dict>
			<key>buildActionMask</key>
			<string>2147483647</string>
			<key>files</key>
			<array/>
			<key>isa</key>
			<string>PBXFrameworksBuildPhase</string>
			<key>runOnlyForDeploymentPostprocessing</key>
			<string>0</string>
		</dict>
		<key>BBECC59B1A3E1E3E004C0DED</key>
		<dict>
			<key>buildActionMask</key>
			<string>2147483647</string>
			<key>files</key>
			<array>
				<string>BB59DE2A1A50D410000008DC</string>
				<string>BB59DE281A50D410000008DC</string>
				<string>BB59DE271A50D410000008DC</string>
				<string>BB59DE261A50D410000008DC</string>
				<string>BB59DE251A50D410000008DC</string>
				<string>BBECC5BF1A3E3AB0004C0DED</string>
				<string>BB59DE291A50D410000008DC</string>
			</array>
			<key>isa</key>
			<string>PBXResourcesBuildPhase</string>
			<key>runOnlyForDeploymentPostprocessing</key>
			<string>0</string>
		</dict>
		<key>BBECC59C1A3E1E3E004C0DED</key>
		<dict>
			<key>buildConfigurationList</key>
			<string>BBECC5A31A3E1E3E004C0DED</string>
			<key>buildPhases</key>
			<array>
				<string>BBECC5991A3E1E3E004C0DED</string>
				<string>BBECC59A1A3E1E3E004C0DED</string>
				<string>BBECC59B1A3E1E3E004C0DED</string>
			</array>
			<key>buildRules</key>
			<array/>
			<key>dependencies</key>
			<array/>
			<key>isa</key>
			<string>PBXNativeTarget</string>
			<key>name</key>
			<string>ObjCAlgorithmsTests</string>
			<key>productName</key>
			<string>ObjCAlgorithmsTests</string>
			<key>productReference</key>
			<string>BBECC59D1A3E1E3E004C0DED</string>
			<key>productType</key>
			<string>com.apple.product-type.bundle.unit-test</string>
		</dict>
		<key>BBECC59D1A3E1E3E004C0DED</key>
		<dict>
			<key>explicitFileType</key>
			<string>wrapper.cfbundle</string>
			<key>includeInIndex</key>
			<string>0</string>
			<key>isa</key>
			<string>PBXFileReference</string>
			<key>path</key>
			<string>ObjCAlgorithmsTests.xctest</string>
			<key>sourceTree</key>
			<string>BUILT_PRODUCTS_DIR</string>
		</dict>
		<key>BBECC59E1A3E1E3E004C0DED</key>
		<dict>
			<key>children</key>
			<array>
				<string>BB59DE1E1A50D3FA000008DC</string>
				<string>BBECC5BE1A3E3AB0004C0DED</string>
				<string>BBECC5A11A3E1E3E004C0DED</string>
				<string>BB55C74A1A4C338600CEF3C4</string>
				<string>BB59DE021A504F83000008DC</string>
				<string>BBECC59F1A3E1E3E004C0DED</string>
				<string>BB9534BE1A58977600207114</string>
				<string>BB9535351A5DDD8E00207114</string>
			</array>
			<key>isa</key>
			<string>PBXGroup</string>
			<key>path</key>
			<string>ObjCAlgorithmsTests</string>
			<key>sourceTree</key>
			<string>&lt;group&gt;</string>
		</dict>
		<key>BBECC59F1A3E1E3E004C0DED</key>
		<dict>
			<key>children</key>
			<array>
				<string>BBECC5A01A3E1E3E004C0DED</string>
			</array>
			<key>isa</key>
			<string>PBXGroup</string>
			<key>path</key>
			<string>Supporting Files</string>
			<key>sourceTree</key>
			<string>&lt;group&gt;</string>
		</dict>
		<key>BBECC5A01A3E1E3E004C0DED</key>
		<dict>
			<key>isa</key>
			<string>PBXFileReference</string>
			<key>lastKnownFileType</key>
			<string>text.plist.xml</string>
			<key>path</key>
			<string>Info.plist</string>
			<key>sourceTree</key>
			<string>&lt;group&gt;</string>
		</dict>
		<key>BBECC5A11A3E1E3E004C0DED</key>
		<dict>
			<key>isa</key>
			<string>PBXFileReference</string>
			<key>lastKnownFileType</key>
			<string>sourcecode.c.objc</string>
			<key>path</key>
			<string>StringArrayMatrixTests.m</string>
			<key>sourceTree</key>
			<string>&lt;group&gt;</string>
		</dict>
		<key>BBECC5A21A3E1E3E004C0DED</key>
		<dict>
			<key>fileRef</key>
			<string>BBECC5A11A3E1E3E004C0DED</string>
			<key>isa</key>
			<string>PBXBuildFile</string>
		</dict>
		<key>BBECC5A31A3E1E3E004C0DED</key>
		<dict>
			<key>buildConfigurations</key>
			<array>
				<string>BBECC5A41A3E1E3E004C0DED</string>
				<string>BBECC5A51A3E1E3E004C0DED</string>
			</array>
			<key>defaultConfigurationIsVisible</key>
			<string>0</string>
			<key>defaultConfigurationName</key>
			<string>Release</string>
			<key>isa</key>
			<string>XCConfigurationList</string>
		</dict>
		<key>BBECC5A41A3E1E3E004C0DED</key>
		<dict>
			<key>buildSettings</key>
			<dict>
				<key>COMBINE_HIDPI_IMAGES</key>
				<string>YES</string>
				<key>FRAMEWORK_SEARCH_PATHS</key>
				<array>
					<string>$(DEVELOPER_FRAMEWORKS_DIR)</string>
					<string>$(inherited)</string>
				</array>
				<key>GCC_PREPROCESSOR_DEFINITIONS</key>
				<array>
					<string>DEBUG=1</string>
					<string>$(inherited)</string>
				</array>
				<key>INFOPLIST_FILE</key>
				<string>ObjCAlgorithmsTests/Supporting Files/Info.plist</string>
				<key>LD_RUNPATH_SEARCH_PATHS</key>
				<string>$(inherited) @executable_path/../Frameworks @loader_path/../Frameworks</string>
				<key>PRODUCT_NAME</key>
				<string>$(TARGET_NAME)</string>
			</dict>
			<key>isa</key>
			<string>XCBuildConfiguration</string>
			<key>name</key>
			<string>Debug</string>
		</dict>
		<key>BBECC5A51A3E1E3E004C0DED</key>
		<dict>
			<key>buildSettings</key>
			<dict>
				<key>COMBINE_HIDPI_IMAGES</key>
				<string>YES</string>
				<key>FRAMEWORK_SEARCH_PATHS</key>
				<array>
					<string>$(DEVELOPER_FRAMEWORKS_DIR)</string>
					<string>$(inherited)</string>
				</array>
				<key>INFOPLIST_FILE</key>
				<string>ObjCAlgorithmsTests/Supporting Files/Info.plist</string>
				<key>LD_RUNPATH_SEARCH_PATHS</key>
				<string>$(inherited) @executable_path/../Frameworks @loader_path/../Frameworks</string>
				<key>PRODUCT_NAME</key>
				<string>$(TARGET_NAME)</string>
			</dict>
			<key>isa</key>
			<string>XCBuildConfiguration</string>
			<key>name</key>
			<string>Release</string>
		</dict>
		<key>BBECC5AF1A3E22E3004C0DED</key>
		<dict>
			<key>children</key>
			<array>
				<string>BB59DE191A50B868000008DC</string>
				<string>BB59DE1A1A50B868000008DC</string>
			</array>
			<key>isa</key>
			<string>PBXGroup</string>
			<key>path</key>
			<string>StringArrayMatrix</string>
			<key>sourceTree</key>
			<string>&lt;group&gt;</string>
		</dict>
		<key>BBECC5B61A3E2748004C0DED</key>
		<dict>
			<key>fileEncoding</key>
			<string>4</string>
			<key>isa</key>
			<string>PBXFileReference</string>
			<key>lastKnownFileType</key>
			<string>sourcecode.c.h</string>
			<key>path</key>
			<string>JVStack.h</string>
			<key>sourceTree</key>
			<string>&lt;group&gt;</string>
		</dict>
		<key>BBECC5B71A3E2748004C0DED</key>
		<dict>
			<key>fileEncoding</key>
			<string>4</string>
			<key>isa</key>
			<string>PBXFileReference</string>
			<key>lastKnownFileType</key>
			<string>sourcecode.c.objc</string>
			<key>path</key>
			<string>JVStack.m</string>
			<key>sourceTree</key>
			<string>&lt;group&gt;</string>
		</dict>
		<key>BBECC5B81A3E2748004C0DED</key>
		<dict>
			<key>fileRef</key>
			<string>BBECC5B71A3E2748004C0DED</string>
			<key>isa</key>
			<string>PBXBuildFile</string>
		</dict>
		<key>BBECC5B91A3E2748004C0DED</key>
		<dict>
			<key>fileRef</key>
			<string>BBECC5B71A3E2748004C0DED</string>
			<key>isa</key>
			<string>PBXBuildFile</string>
		</dict>
		<key>BBECC5BE1A3E3AB0004C0DED</key>
		<dict>
			<key>isa</key>
			<string>PBXFileReference</string>
			<key>lastKnownFileType</key>
			<string>folder</string>
			<key>name</key>
			<string>TestData</string>
			<key>path</key>
			<string>../../../C#/AlgorithmTests/TestData</string>
			<key>sourceTree</key>
			<string>&lt;group&gt;</string>
		</dict>
		<key>BBECC5BF1A3E3AB0004C0DED</key>
		<dict>
			<key>fileRef</key>
			<string>BBECC5BE1A3E3AB0004C0DED</string>
			<key>isa</key>
			<string>PBXBuildFile</string>
		</dict>
	</dict>
	<key>rootObject</key>
	<string>BBECC5871A3E1D8D004C0DED</string>
</dict>
</plist>
