// !$*UTF8*$!
{
	archiveVersion = 1;
	classes = {
	};
	objectVersion = 46;
	objects = {

/* Begin PBXBuildFile section */
		BB55C71D1A47F10800CEF3C4 /* JVLinkedNode.m in Sources */ = {isa = PBXBuildFile; fileRef = BB55C71C1A47F10800CEF3C4 /* JVLinkedNode.m */; };
		BB55C71E1A47F10800CEF3C4 /* JVLinkedNode.m in Sources */ = {isa = PBXBuildFile; fileRef = BB55C71C1A47F10800CEF3C4 /* JVLinkedNode.m */; };
		BB55C7231A47F24E00CEF3C4 /* JVLinkedList.m in Sources */ = {isa = PBXBuildFile; fileRef = BB55C7221A47F24E00CEF3C4 /* JVLinkedList.m */; };
		BB55C7241A47F24E00CEF3C4 /* JVLinkedList.m in Sources */ = {isa = PBXBuildFile; fileRef = BB55C7221A47F24E00CEF3C4 /* JVLinkedList.m */; };
		BB55C7421A48E2F100CEF3C4 /* JVQueue.m in Sources */ = {isa = PBXBuildFile; fileRef = BB55C7411A48E2F100CEF3C4 /* JVQueue.m */; };
		BB55C7431A48E2F100CEF3C4 /* JVQueue.m in Sources */ = {isa = PBXBuildFile; fileRef = BB55C7411A48E2F100CEF3C4 /* JVQueue.m */; };
		BB55C74B1A4C338600CEF3C4 /* LinkedListTests.m in Sources */ = {isa = PBXBuildFile; fileRef = BB55C74A1A4C338600CEF3C4 /* LinkedListTests.m */; };
		BB59DE001A504C06000008DC /* JVPriorityQueue.m in Sources */ = {isa = PBXBuildFile; fileRef = BB59DDFF1A504C06000008DC /* JVPriorityQueue.m */; };
		BB59DE011A504C06000008DC /* JVPriorityQueue.m in Sources */ = {isa = PBXBuildFile; fileRef = BB59DDFF1A504C06000008DC /* JVPriorityQueue.m */; };
		BB59DE031A504F83000008DC /* DataStructureTests.m in Sources */ = {isa = PBXBuildFile; fileRef = BB59DE021A504F83000008DC /* DataStructureTests.m */; };
		BB59DE0A1A5058FE000008DC /* JVLinkedNode+Examples.m in Sources */ = {isa = PBXBuildFile; fileRef = BB59DE091A5058FE000008DC /* JVLinkedNode+Examples.m */; };
		BB59DE0B1A5058FE000008DC /* JVLinkedNode+Examples.m in Sources */ = {isa = PBXBuildFile; fileRef = BB59DE091A5058FE000008DC /* JVLinkedNode+Examples.m */; };
		BB59DE0E1A5094F0000008DC /* JVDoublyLinkedNode.m in Sources */ = {isa = PBXBuildFile; fileRef = BB59DE0D1A5094F0000008DC /* JVDoublyLinkedNode.m */; };
		BB59DE0F1A5094F0000008DC /* JVDoublyLinkedNode.m in Sources */ = {isa = PBXBuildFile; fileRef = BB59DE0D1A5094F0000008DC /* JVDoublyLinkedNode.m */; };
		BB59DE131A5097C9000008DC /* JVLRUCache.m in Sources */ = {isa = PBXBuildFile; fileRef = BB59DE121A5097C9000008DC /* JVLRUCache.m */; };
		BB59DE141A5097C9000008DC /* JVLRUCache.m in Sources */ = {isa = PBXBuildFile; fileRef = BB59DE121A5097C9000008DC /* JVLRUCache.m */; };
		BB59DE1B1A50B868000008DC /* JVStringArrayMatrix.m in Sources */ = {isa = PBXBuildFile; fileRef = BB59DE1A1A50B868000008DC /* JVStringArrayMatrix.m */; };
		BB59DE1C1A50B868000008DC /* JVStringArrayMatrix.m in Sources */ = {isa = PBXBuildFile; fileRef = BB59DE1A1A50B868000008DC /* JVStringArrayMatrix.m */; };
		BB59DE251A50D410000008DC /* input000.txt in Resources */ = {isa = PBXBuildFile; fileRef = BB59DE1F1A50D410000008DC /* input000.txt */; };
		BB59DE261A50D410000008DC /* input001.txt in Resources */ = {isa = PBXBuildFile; fileRef = BB59DE201A50D410000008DC /* input001.txt */; };
		BB59DE271A50D410000008DC /* input002.txt in Resources */ = {isa = PBXBuildFile; fileRef = BB59DE211A50D410000008DC /* input002.txt */; };
		BB59DE281A50D410000008DC /* output000.txt in Resources */ = {isa = PBXBuildFile; fileRef = BB59DE221A50D410000008DC /* output000.txt */; };
		BB59DE291A50D410000008DC /* output001.txt in Resources */ = {isa = PBXBuildFile; fileRef = BB59DE231A50D410000008DC /* output001.txt */; };
		BB59DE2A1A50D410000008DC /* output002.txt in Resources */ = {isa = PBXBuildFile; fileRef = BB59DE241A50D410000008DC /* output002.txt */; };
		BB9534BF1A58977600207114 /* TreeTests.m in Sources */ = {isa = PBXBuildFile; fileRef = BB9534BE1A58977600207114 /* TreeTests.m */; };
		BB9534C21A589EE300207114 /* JVTree.m in Sources */ = {isa = PBXBuildFile; fileRef = BB9534C11A589EE300207114 /* JVTree.m */; };
		BB9534C31A58A35F00207114 /* JVTree.m in Sources */ = {isa = PBXBuildFile; fileRef = BB9534C11A589EE300207114 /* JVTree.m */; };
		BB9534C71A594A9B00207114 /* NSArray+MapFilterReduce.m in Sources */ = {isa = PBXBuildFile; fileRef = BB9534C61A594A9B00207114 /* NSArray+MapFilterReduce.m */; };
		BB9534C81A594A9B00207114 /* NSArray+MapFilterReduce.m in Sources */ = {isa = PBXBuildFile; fileRef = BB9534C61A594A9B00207114 /* NSArray+MapFilterReduce.m */; };
		BB95352A1A59C03600207114 /* JVTree+Examples.m in Sources */ = {isa = PBXBuildFile; fileRef = BB9535291A59C03600207114 /* JVTree+Examples.m */; };
		BB95352B1A59C03600207114 /* JVTree+Examples.m in Sources */ = {isa = PBXBuildFile; fileRef = BB9535291A59C03600207114 /* JVTree+Examples.m */; };
		BBECC5931A3E1D8D004C0DED /* main.m in Sources */ = {isa = PBXBuildFile; fileRef = BBECC5921A3E1D8D004C0DED /* main.m */; };
		BBECC5A21A3E1E3E004C0DED /* StringArrayMatrixTests.m in Sources */ = {isa = PBXBuildFile; fileRef = BBECC5A11A3E1E3E004C0DED /* StringArrayMatrixTests.m */; };
		BBECC5B81A3E2748004C0DED /* JVStack.m in Sources */ = {isa = PBXBuildFile; fileRef = BBECC5B71A3E2748004C0DED /* JVStack.m */; };
		BBECC5B91A3E2748004C0DED /* JVStack.m in Sources */ = {isa = PBXBuildFile; fileRef = BBECC5B71A3E2748004C0DED /* JVStack.m */; };
		BBECC5BF1A3E3AB0004C0DED /* TestData in Resources */ = {isa = PBXBuildFile; fileRef = BBECC5BE1A3E3AB0004C0DED /* TestData */; };
/* End PBXBuildFile section */

/* Begin PBXCopyFilesBuildPhase section */
		BBECC58D1A3E1D8D004C0DED /* CopyFiles */ = {
			isa = PBXCopyFilesBuildPhase;
			buildActionMask = 2147483647;
			dstPath = /usr/share/man/man1/;
			dstSubfolderSpec = 0;
			files = (
			);
			runOnlyForDeploymentPostprocessing = 1;
		};
/* End PBXCopyFilesBuildPhase section */

/* Begin PBXFileReference section */
		BB55C71B1A47F10800CEF3C4 /* JVLinkedNode.h */ = {isa = PBXFileReference; fileEncoding = 4; lastKnownFileType = sourcecode.c.h; path = JVLinkedNode.h; sourceTree = "<group>"; };
		BB55C71C1A47F10800CEF3C4 /* JVLinkedNode.m */ = {isa = PBXFileReference; fileEncoding = 4; lastKnownFileType = sourcecode.c.objc; path = JVLinkedNode.m; sourceTree = "<group>"; };
		BB55C7211A47F24E00CEF3C4 /* JVLinkedList.h */ = {isa = PBXFileReference; fileEncoding = 4; lastKnownFileType = sourcecode.c.h; path = JVLinkedList.h; sourceTree = "<group>"; };
		BB55C7221A47F24E00CEF3C4 /* JVLinkedList.m */ = {isa = PBXFileReference; fileEncoding = 4; lastKnownFileType = sourcecode.c.objc; path = JVLinkedList.m; sourceTree = "<group>"; };
		BB55C7401A48E2F100CEF3C4 /* JVQueue.h */ = {isa = PBXFileReference; fileEncoding = 4; lastKnownFileType = sourcecode.c.h; path = JVQueue.h; sourceTree = "<group>"; };
		BB55C7411A48E2F100CEF3C4 /* JVQueue.m */ = {isa = PBXFileReference; fileEncoding = 4; lastKnownFileType = sourcecode.c.objc; path = JVQueue.m; sourceTree = "<group>"; };
		BB55C74A1A4C338600CEF3C4 /* LinkedListTests.m */ = {isa = PBXFileReference; fileEncoding = 4; lastKnownFileType = sourcecode.c.objc; path = LinkedListTests.m; sourceTree = "<group>"; };
		BB59DDFE1A504C06000008DC /* JVPriorityQueue.h */ = {isa = PBXFileReference; fileEncoding = 4; lastKnownFileType = sourcecode.c.h; path = JVPriorityQueue.h; sourceTree = "<group>"; };
		BB59DDFF1A504C06000008DC /* JVPriorityQueue.m */ = {isa = PBXFileReference; fileEncoding = 4; lastKnownFileType = sourcecode.c.objc; path = JVPriorityQueue.m; sourceTree = "<group>"; };
		BB59DE021A504F83000008DC /* DataStructureTests.m */ = {isa = PBXFileReference; fileEncoding = 4; lastKnownFileType = sourcecode.c.objc; path = DataStructureTests.m; sourceTree = "<group>"; };
		BB59DE081A5058FE000008DC /* JVLinkedNode+Examples.h */ = {isa = PBXFileReference; fileEncoding = 4; lastKnownFileType = sourcecode.c.h; path = "JVLinkedNode+Examples.h"; sourceTree = "<group>"; };
		BB59DE091A5058FE000008DC /* JVLinkedNode+Examples.m */ = {isa = PBXFileReference; fileEncoding = 4; lastKnownFileType = sourcecode.c.objc; path = "JVLinkedNode+Examples.m"; sourceTree = "<group>"; };
		BB59DE0C1A5094F0000008DC /* JVDoublyLinkedNode.h */ = {isa = PBXFileReference; fileEncoding = 4; lastKnownFileType = sourcecode.c.h; path = JVDoublyLinkedNode.h; sourceTree = "<group>"; };
		BB59DE0D1A5094F0000008DC /* JVDoublyLinkedNode.m */ = {isa = PBXFileReference; fileEncoding = 4; lastKnownFileType = sourcecode.c.objc; path = JVDoublyLinkedNode.m; sourceTree = "<group>"; };
		BB59DE111A5097C9000008DC /* JVLRUCache.h */ = {isa = PBXFileReference; fileEncoding = 4; lastKnownFileType = sourcecode.c.h; path = JVLRUCache.h; sourceTree = "<group>"; };
		BB59DE121A5097C9000008DC /* JVLRUCache.m */ = {isa = PBXFileReference; fileEncoding = 4; lastKnownFileType = sourcecode.c.objc; path = JVLRUCache.m; sourceTree = "<group>"; };
		BB59DE191A50B868000008DC /* JVStringArrayMatrix.h */ = {isa = PBXFileReference; fileEncoding = 4; lastKnownFileType = sourcecode.c.h; path = JVStringArrayMatrix.h; sourceTree = "<group>"; };
		BB59DE1A1A50B868000008DC /* JVStringArrayMatrix.m */ = {isa = PBXFileReference; fileEncoding = 4; lastKnownFileType = sourcecode.c.objc; path = JVStringArrayMatrix.m; sourceTree = "<group>"; };
		BB59DE1F1A50D410000008DC /* input000.txt */ = {isa = PBXFileReference; fileEncoding = 4; lastKnownFileType = text; path = input000.txt; sourceTree = "<group>"; };
		BB59DE201A50D410000008DC /* input001.txt */ = {isa = PBXFileReference; fileEncoding = 4; lastKnownFileType = text; path = input001.txt; sourceTree = "<group>"; };
		BB59DE211A50D410000008DC /* input002.txt */ = {isa = PBXFileReference; fileEncoding = 4; lastKnownFileType = text; path = input002.txt; sourceTree = "<group>"; };
		BB59DE221A50D410000008DC /* output000.txt */ = {isa = PBXFileReference; fileEncoding = 4; lastKnownFileType = text; path = output000.txt; sourceTree = "<group>"; };
		BB59DE231A50D410000008DC /* output001.txt */ = {isa = PBXFileReference; fileEncoding = 4; lastKnownFileType = text; path = output001.txt; sourceTree = "<group>"; };
		BB59DE241A50D410000008DC /* output002.txt */ = {isa = PBXFileReference; fileEncoding = 4; lastKnownFileType = text; path = output002.txt; sourceTree = "<group>"; };
		BB9534BE1A58977600207114 /* TreeTests.m */ = {isa = PBXFileReference; fileEncoding = 4; lastKnownFileType = sourcecode.c.objc; path = TreeTests.m; sourceTree = "<group>"; };
		BB9534C01A589EE300207114 /* JVTree.h */ = {isa = PBXFileReference; fileEncoding = 4; lastKnownFileType = sourcecode.c.h; path = JVTree.h; sourceTree = "<group>"; };
		BB9534C11A589EE300207114 /* JVTree.m */ = {isa = PBXFileReference; fileEncoding = 4; lastKnownFileType = sourcecode.c.objc; path = JVTree.m; sourceTree = "<group>"; };
		BB9534C51A594A9B00207114 /* NSArray+MapFilterReduce.h */ = {isa = PBXFileReference; fileEncoding = 4; lastKnownFileType = sourcecode.c.h; path = "NSArray+MapFilterReduce.h"; sourceTree = "<group>"; };
		BB9534C61A594A9B00207114 /* NSArray+MapFilterReduce.m */ = {isa = PBXFileReference; fileEncoding = 4; lastKnownFileType = sourcecode.c.objc; path = "NSArray+MapFilterReduce.m"; sourceTree = "<group>"; };
		BB9535281A59C03600207114 /* JVTree+Examples.h */ = {isa = PBXFileReference; fileEncoding = 4; lastKnownFileType = sourcecode.c.h; path = "JVTree+Examples.h"; sourceTree = "<group>"; };
		BB9535291A59C03600207114 /* JVTree+Examples.m */ = {isa = PBXFileReference; fileEncoding = 4; lastKnownFileType = sourcecode.c.objc; path = "JVTree+Examples.m"; sourceTree = "<group>"; };
		BBECC58F1A3E1D8D004C0DED /* ObjCAlgorithms */ = {isa = PBXFileReference; explicitFileType = "compiled.mach-o.executable"; includeInIndex = 0; path = ObjCAlgorithms; sourceTree = BUILT_PRODUCTS_DIR; };
		BBECC5921A3E1D8D004C0DED /* main.m */ = {isa = PBXFileReference; lastKnownFileType = sourcecode.c.objc; path = main.m; sourceTree = "<group>"; };
		BBECC59D1A3E1E3E004C0DED /* ObjCAlgorithmsTests.xctest */ = {isa = PBXFileReference; explicitFileType = wrapper.cfbundle; includeInIndex = 0; path = ObjCAlgorithmsTests.xctest; sourceTree = BUILT_PRODUCTS_DIR; };
		BBECC5A01A3E1E3E004C0DED /* Info.plist */ = {isa = PBXFileReference; lastKnownFileType = text.plist.xml; path = Info.plist; sourceTree = "<group>"; };
		BBECC5A11A3E1E3E004C0DED /* StringArrayMatrixTests.m */ = {isa = PBXFileReference; lastKnownFileType = sourcecode.c.objc; path = StringArrayMatrixTests.m; sourceTree = "<group>"; };
		BBECC5B61A3E2748004C0DED /* JVStack.h */ = {isa = PBXFileReference; fileEncoding = 4; lastKnownFileType = sourcecode.c.h; path = JVStack.h; sourceTree = "<group>"; };
		BBECC5B71A3E2748004C0DED /* JVStack.m */ = {isa = PBXFileReference; fileEncoding = 4; lastKnownFileType = sourcecode.c.objc; path = JVStack.m; sourceTree = "<group>"; };
		BBECC5BE1A3E3AB0004C0DED /* TestData */ = {isa = PBXFileReference; lastKnownFileType = folder; name = TestData; path = "../../../C#/AlgorithmTests/TestData"; sourceTree = "<group>"; };
/* End PBXFileReference section */

/* Begin PBXFrameworksBuildPhase section */
		BBECC58C1A3E1D8D004C0DED /* Frameworks */ = {
			isa = PBXFrameworksBuildPhase;
			buildActionMask = 2147483647;
			files = (
			);
			runOnlyForDeploymentPostprocessing = 0;
		};
		BBECC59A1A3E1E3E004C0DED /* Frameworks */ = {
			isa = PBXFrameworksBuildPhase;
			buildActionMask = 2147483647;
			files = (
			);
			runOnlyForDeploymentPostprocessing = 0;
		};
/* End PBXFrameworksBuildPhase section */

/* Begin PBXGroup section */
		BB55C71F1A47F23B00CEF3C4 /* Data structures */ = {
			isa = PBXGroup;
			children = (
				BB9534C41A594A7200207114 /* Extensions */,
				BB59DE1D1A50B9CD000008DC /* Basic */,
				BB59DE101A5097B9000008DC /* Cache */,
				BB55C7251A48034500CEF3C4 /* Trees */,
				BB55C7201A47F23E00CEF3C4 /* Linked lists */,
			);
			path = "Data structures";
			sourceTree = "<group>";
		};
		BB55C7201A47F23E00CEF3C4 /* Linked lists */ = {
			isa = PBXGroup;
			children = (
				BB55C71B1A47F10800CEF3C4 /* JVLinkedNode.h */,
				BB55C71C1A47F10800CEF3C4 /* JVLinkedNode.m */,
				BB55C7211A47F24E00CEF3C4 /* JVLinkedList.h */,
				BB55C7221A47F24E00CEF3C4 /* JVLinkedList.m */,
				BB59DE0C1A5094F0000008DC /* JVDoublyLinkedNode.h */,
				BB59DE0D1A5094F0000008DC /* JVDoublyLinkedNode.m */,
			);
			path = "Linked lists";
			sourceTree = "<group>";
		};
		BB55C7251A48034500CEF3C4 /* Trees */ = {
			isa = PBXGroup;
			children = (
				BB9534C01A589EE300207114 /* JVTree.h */,
				BB9534C11A589EE300207114 /* JVTree.m */,
			);
			path = Trees;
			sourceTree = "<group>";
		};
		BB55C7441A4C32B600CEF3C4 /* Examples */ = {
			isa = PBXGroup;
			children = (
				BB9534BD1A58975B00207114 /* Trees */,
				BB55C7451A4C32BA00CEF3C4 /* LinkedList */,
				BBECC5AF1A3E22E3004C0DED /* StringArrayMatrix */,
			);
			path = Examples;
			sourceTree = "<group>";
		};
		BB55C7451A4C32BA00CEF3C4 /* LinkedList */ = {
			isa = PBXGroup;
			children = (
				BB59DE081A5058FE000008DC /* JVLinkedNode+Examples.h */,
				BB59DE091A5058FE000008DC /* JVLinkedNode+Examples.m */,
			);
			path = LinkedList;
			sourceTree = "<group>";
		};
		BB59DE101A5097B9000008DC /* Cache */ = {
			isa = PBXGroup;
			children = (
				BB59DE111A5097C9000008DC /* JVLRUCache.h */,
				BB59DE121A5097C9000008DC /* JVLRUCache.m */,
			);
			path = Cache;
			sourceTree = "<group>";
		};
		BB59DE1D1A50B9CD000008DC /* Basic */ = {
			isa = PBXGroup;
			children = (
				BBECC5B61A3E2748004C0DED /* JVStack.h */,
				BBECC5B71A3E2748004C0DED /* JVStack.m */,
				BB55C7401A48E2F100CEF3C4 /* JVQueue.h */,
				BB55C7411A48E2F100CEF3C4 /* JVQueue.m */,
				BB59DDFE1A504C06000008DC /* JVPriorityQueue.h */,
				BB59DDFF1A504C06000008DC /* JVPriorityQueue.m */,
			);
			path = Basic;
			sourceTree = "<group>";
		};
		BB59DE1E1A50D3FA000008DC /* LocalTestData */ = {
			isa = PBXGroup;
			children = (
				BB59DE1F1A50D410000008DC /* input000.txt */,
				BB59DE201A50D410000008DC /* input001.txt */,
				BB59DE211A50D410000008DC /* input002.txt */,
				BB59DE221A50D410000008DC /* output000.txt */,
				BB59DE231A50D410000008DC /* output001.txt */,
				BB59DE241A50D410000008DC /* output002.txt */,
			);
			path = LocalTestData;
			sourceTree = "<group>";
		};
		BB9534BD1A58975B00207114 /* Trees */ = {
			isa = PBXGroup;
			children = (
				BB9535281A59C03600207114 /* JVTree+Examples.h */,
				BB9535291A59C03600207114 /* JVTree+Examples.m */,
			);
			path = Trees;
			sourceTree = "<group>";
		};
		BB9534C41A594A7200207114 /* Extensions */ = {
			isa = PBXGroup;
			children = (
				BB9534C51A594A9B00207114 /* NSArray+MapFilterReduce.h */,
				BB9534C61A594A9B00207114 /* NSArray+MapFilterReduce.m */,
			);
			path = Extensions;
			sourceTree = "<group>";
		};
		BBECC5861A3E1D8D004C0DED = {
			isa = PBXGroup;
			children = (
				BBECC5911A3E1D8D004C0DED /* ObjCAlgorithms */,
				BBECC59E1A3E1E3E004C0DED /* ObjCAlgorithmsTests */,
				BBECC5901A3E1D8D004C0DED /* Products */,
			);
			sourceTree = "<group>";
		};
		BBECC5901A3E1D8D004C0DED /* Products */ = {
			isa = PBXGroup;
			children = (
				BBECC58F1A3E1D8D004C0DED /* ObjCAlgorithms */,
				BBECC59D1A3E1E3E004C0DED /* ObjCAlgorithmsTests.xctest */,
			);
			name = Products;
			sourceTree = "<group>";
		};
		BBECC5911A3E1D8D004C0DED /* ObjCAlgorithms */ = {
			isa = PBXGroup;
			children = (
				BB55C7441A4C32B600CEF3C4 /* Examples */,
				BB55C71F1A47F23B00CEF3C4 /* Data structures */,
				BBECC5921A3E1D8D004C0DED /* main.m */,
			);
			path = ObjCAlgorithms;
			sourceTree = "<group>";
		};
		BBECC59E1A3E1E3E004C0DED /* ObjCAlgorithmsTests */ = {
			isa = PBXGroup;
			children = (
				BB59DE1E1A50D3FA000008DC /* LocalTestData */,
				BBECC5BE1A3E3AB0004C0DED /* TestData */,
				BBECC5A11A3E1E3E004C0DED /* StringArrayMatrixTests.m */,
				BB55C74A1A4C338600CEF3C4 /* LinkedListTests.m */,
				BB59DE021A504F83000008DC /* DataStructureTests.m */,
				BBECC59F1A3E1E3E004C0DED /* Supporting Files */,
				BB9534BE1A58977600207114 /* TreeTests.m */,
			);
			path = ObjCAlgorithmsTests;
			sourceTree = "<group>";
		};
		BBECC59F1A3E1E3E004C0DED /* Supporting Files */ = {
			isa = PBXGroup;
			children = (
				BBECC5A01A3E1E3E004C0DED /* Info.plist */,
			);
			path = "Supporting Files";
			sourceTree = "<group>";
		};
		BBECC5AF1A3E22E3004C0DED /* StringArrayMatrix */ = {
			isa = PBXGroup;
			children = (
				BB59DE191A50B868000008DC /* JVStringArrayMatrix.h */,
				BB59DE1A1A50B868000008DC /* JVStringArrayMatrix.m */,
			);
			path = StringArrayMatrix;
			sourceTree = "<group>";
		};
/* End PBXGroup section */

/* Begin PBXNativeTarget section */
		BBECC58E1A3E1D8D004C0DED /* ObjCAlgorithms */ = {
			isa = PBXNativeTarget;
			buildConfigurationList = BBECC5961A3E1D8D004C0DED /* Build configuration list for PBXNativeTarget "ObjCAlgorithms" */;
			buildPhases = (
				BBECC58B1A3E1D8D004C0DED /* Sources */,
				BBECC58C1A3E1D8D004C0DED /* Frameworks */,
				BBECC58D1A3E1D8D004C0DED /* CopyFiles */,
			);
			buildRules = (
			);
			dependencies = (
			);
			name = ObjCAlgorithms;
			productName = ObjCAlgorithms;
			productReference = BBECC58F1A3E1D8D004C0DED /* ObjCAlgorithms */;
			productType = "com.apple.product-type.tool";
		};
		BBECC59C1A3E1E3E004C0DED /* ObjCAlgorithmsTests */ = {
			isa = PBXNativeTarget;
			buildConfigurationList = BBECC5A31A3E1E3E004C0DED /* Build configuration list for PBXNativeTarget "ObjCAlgorithmsTests" */;
			buildPhases = (
				BBECC5991A3E1E3E004C0DED /* Sources */,
				BBECC59A1A3E1E3E004C0DED /* Frameworks */,
				BBECC59B1A3E1E3E004C0DED /* Resources */,
			);
			buildRules = (
			);
			dependencies = (
			);
			name = ObjCAlgorithmsTests;
			productName = ObjCAlgorithmsTests;
			productReference = BBECC59D1A3E1E3E004C0DED /* ObjCAlgorithmsTests.xctest */;
			productType = "com.apple.product-type.bundle.unit-test";
		};
/* End PBXNativeTarget section */

/* Begin PBXProject section */
		BBECC5871A3E1D8D004C0DED /* Project object */ = {
			isa = PBXProject;
			attributes = {
				LastUpgradeCheck = 0610;
				ORGANIZATIONNAME = "Jozsef Vesza";
				TargetAttributes = {
					BBECC58E1A3E1D8D004C0DED = {
						CreatedOnToolsVersion = 6.1.1;
					};
					BBECC59C1A3E1E3E004C0DED = {
						CreatedOnToolsVersion = 6.1.1;
					};
				};
			};
			buildConfigurationList = BBECC58A1A3E1D8D004C0DED /* Build configuration list for PBXProject "ObjCAlgorithms" */;
			compatibilityVersion = "Xcode 3.2";
			developmentRegion = English;
			hasScannedForEncodings = 0;
			knownRegions = (
				en,
			);
			mainGroup = BBECC5861A3E1D8D004C0DED;
			productRefGroup = BBECC5901A3E1D8D004C0DED /* Products */;
			projectDirPath = "";
			projectRoot = "";
			targets = (
				BBECC58E1A3E1D8D004C0DED /* ObjCAlgorithms */,
				BBECC59C1A3E1E3E004C0DED /* ObjCAlgorithmsTests */,
			);
		};
/* End PBXProject section */

/* Begin PBXResourcesBuildPhase section */
		BBECC59B1A3E1E3E004C0DED /* Resources */ = {
			isa = PBXResourcesBuildPhase;
			buildActionMask = 2147483647;
			files = (
				BB59DE2A1A50D410000008DC /* output002.txt in Resources */,
				BB59DE281A50D410000008DC /* output000.txt in Resources */,
				BB59DE271A50D410000008DC /* input002.txt in Resources */,
				BB59DE261A50D410000008DC /* input001.txt in Resources */,
				BB59DE251A50D410000008DC /* input000.txt in Resources */,
				BBECC5BF1A3E3AB0004C0DED /* TestData in Resources */,
				BB59DE291A50D410000008DC /* output001.txt in Resources */,
			);
			runOnlyForDeploymentPostprocessing = 0;
		};
/* End PBXResourcesBuildPhase section */

/* Begin PBXSourcesBuildPhase section */
		BBECC58B1A3E1D8D004C0DED /* Sources */ = {
			isa = PBXSourcesBuildPhase;
			buildActionMask = 2147483647;
			files = (
				BB9534C21A589EE300207114 /* JVTree.m in Sources */,
				BB59DE131A5097C9000008DC /* JVLRUCache.m in Sources */,
				BB55C7231A47F24E00CEF3C4 /* JVLinkedList.m in Sources */,
				BB55C7421A48E2F100CEF3C4 /* JVQueue.m in Sources */,
				BB59DE0E1A5094F0000008DC /* JVDoublyLinkedNode.m in Sources */,
				BB59DE001A504C06000008DC /* JVPriorityQueue.m in Sources */,
				BBECC5B81A3E2748004C0DED /* JVStack.m in Sources */,
				BB95352A1A59C03600207114 /* JVTree+Examples.m in Sources */,
				BB9534C71A594A9B00207114 /* NSArray+MapFilterReduce.m in Sources */,
				BBECC5931A3E1D8D004C0DED /* main.m in Sources */,
				BB59DE0A1A5058FE000008DC /* JVLinkedNode+Examples.m in Sources */,
				BB55C71D1A47F10800CEF3C4 /* JVLinkedNode.m in Sources */,
				BB59DE1B1A50B868000008DC /* JVStringArrayMatrix.m in Sources */,
			);
			runOnlyForDeploymentPostprocessing = 0;
		};
		BBECC5991A3E1E3E004C0DED /* Sources */ = {
			isa = PBXSourcesBuildPhase;
			buildActionMask = 2147483647;
			files = (
				BB9534BF1A58977600207114 /* TreeTests.m in Sources */,
				BB55C7241A47F24E00CEF3C4 /* JVLinkedList.m in Sources */,
				BB59DE0B1A5058FE000008DC /* JVLinkedNode+Examples.m in Sources */,
				BB59DE0F1A5094F0000008DC /* JVDoublyLinkedNode.m in Sources */,
				BB55C7431A48E2F100CEF3C4 /* JVQueue.m in Sources */,
				BBECC5B91A3E2748004C0DED /* JVStack.m in Sources */,
				BB95352B1A59C03600207114 /* JVTree+Examples.m in Sources */,
				BBECC5A21A3E1E3E004C0DED /* StringArrayMatrixTests.m in Sources */,
				BB9534C81A594A9B00207114 /* NSArray+MapFilterReduce.m in Sources */,
				BB55C74B1A4C338600CEF3C4 /* LinkedListTests.m in Sources */,
				BB59DE011A504C06000008DC /* JVPriorityQueue.m in Sources */,
				BB55C71E1A47F10800CEF3C4 /* JVLinkedNode.m in Sources */,
				BB59DE1C1A50B868000008DC /* JVStringArrayMatrix.m in Sources */,
				BB9534C31A58A35F00207114 /* JVTree.m in Sources */,
				BB59DE141A5097C9000008DC /* JVLRUCache.m in Sources */,
				BB59DE031A504F83000008DC /* DataStructureTests.m in Sources */,
			);
			runOnlyForDeploymentPostprocessing = 0;
		};
/* End PBXSourcesBuildPhase section */

/* Begin XCBuildConfiguration section */
		BBECC5941A3E1D8D004C0DED /* Debug */ = {
			isa = XCBuildConfiguration;
			buildSettings = {
				ALWAYS_SEARCH_USER_PATHS = NO;
				CLANG_CXX_LANGUAGE_STANDARD = "gnu++0x";
				CLANG_CXX_LIBRARY = "libc++";
				CLANG_ENABLE_MODULES = YES;
				CLANG_ENABLE_OBJC_ARC = YES;
				CLANG_WARN_BOOL_CONVERSION = YES;
				CLANG_WARN_CONSTANT_CONVERSION = YES;
				CLANG_WARN_DIRECT_OBJC_ISA_USAGE = YES_ERROR;
				CLANG_WARN_EMPTY_BODY = YES;
				CLANG_WARN_ENUM_CONVERSION = YES;
				CLANG_WARN_INT_CONVERSION = YES;
				CLANG_WARN_OBJC_ROOT_CLASS = YES_ERROR;
				CLANG_WARN_UNREACHABLE_CODE = YES;
				CLANG_WARN__DUPLICATE_METHOD_MATCH = YES;
				COPY_PHASE_STRIP = NO;
				ENABLE_STRICT_OBJC_MSGSEND = YES;
				GCC_C_LANGUAGE_STANDARD = gnu99;
				GCC_DYNAMIC_NO_PIC = NO;
				GCC_OPTIMIZATION_LEVEL = 0;
				GCC_PREPROCESSOR_DEFINITIONS = (
					"DEBUG=1",
					"$(inherited)",
				);
				GCC_SYMBOLS_PRIVATE_EXTERN = NO;
				GCC_WARN_64_TO_32_BIT_CONVERSION = YES;
				GCC_WARN_ABOUT_RETURN_TYPE = YES_ERROR;
				GCC_WARN_UNDECLARED_SELECTOR = YES;
				GCC_WARN_UNINITIALIZED_AUTOS = YES_AGGRESSIVE;
				GCC_WARN_UNUSED_FUNCTION = YES;
				GCC_WARN_UNUSED_VARIABLE = YES;
				MACOSX_DEPLOYMENT_TARGET = 10.10;
				MTL_ENABLE_DEBUG_INFO = YES;
				ONLY_ACTIVE_ARCH = YES;
				SDKROOT = macosx;
			};
			name = Debug;
		};
		BBECC5951A3E1D8D004C0DED /* Release */ = {
			isa = XCBuildConfiguration;
			buildSettings = {
				ALWAYS_SEARCH_USER_PATHS = NO;
				CLANG_CXX_LANGUAGE_STANDARD = "gnu++0x";
				CLANG_CXX_LIBRARY = "libc++";
				CLANG_ENABLE_MODULES = YES;
				CLANG_ENABLE_OBJC_ARC = YES;
				CLANG_WARN_BOOL_CONVERSION = YES;
				CLANG_WARN_CONSTANT_CONVERSION = YES;
				CLANG_WARN_DIRECT_OBJC_ISA_USAGE = YES_ERROR;
				CLANG_WARN_EMPTY_BODY = YES;
				CLANG_WARN_ENUM_CONVERSION = YES;
				CLANG_WARN_INT_CONVERSION = YES;
				CLANG_WARN_OBJC_ROOT_CLASS = YES_ERROR;
				CLANG_WARN_UNREACHABLE_CODE = YES;
				CLANG_WARN__DUPLICATE_METHOD_MATCH = YES;
				COPY_PHASE_STRIP = YES;
				DEBUG_INFORMATION_FORMAT = "dwarf-with-dsym";
				ENABLE_NS_ASSERTIONS = NO;
				ENABLE_STRICT_OBJC_MSGSEND = YES;
				GCC_C_LANGUAGE_STANDARD = gnu99;
				GCC_WARN_64_TO_32_BIT_CONVERSION = YES;
				GCC_WARN_ABOUT_RETURN_TYPE = YES_ERROR;
				GCC_WARN_UNDECLARED_SELECTOR = YES;
				GCC_WARN_UNINITIALIZED_AUTOS = YES_AGGRESSIVE;
				GCC_WARN_UNUSED_FUNCTION = YES;
				GCC_WARN_UNUSED_VARIABLE = YES;
				MACOSX_DEPLOYMENT_TARGET = 10.10;
				MTL_ENABLE_DEBUG_INFO = NO;
				SDKROOT = macosx;
			};
			name = Release;
		};
		BBECC5971A3E1D8D004C0DED /* Debug */ = {
			isa = XCBuildConfiguration;
			buildSettings = {
				PRODUCT_NAME = "$(TARGET_NAME)";
			};
			name = Debug;
		};
		BBECC5981A3E1D8D004C0DED /* Release */ = {
			isa = XCBuildConfiguration;
			buildSettings = {
				PRODUCT_NAME = "$(TARGET_NAME)";
			};
			name = Release;
		};
		BBECC5A41A3E1E3E004C0DED /* Debug */ = {
			isa = XCBuildConfiguration;
			buildSettings = {
				COMBINE_HIDPI_IMAGES = YES;
				FRAMEWORK_SEARCH_PATHS = (
					"$(DEVELOPER_FRAMEWORKS_DIR)",
					"$(inherited)",
				);
				GCC_PREPROCESSOR_DEFINITIONS = (
					"DEBUG=1",
					"$(inherited)",
				);
				INFOPLIST_FILE = "ObjCAlgorithmsTests/Supporting Files/Info.plist";
				LD_RUNPATH_SEARCH_PATHS = "$(inherited) @executable_path/../Frameworks @loader_path/../Frameworks";
				PRODUCT_NAME = "$(TARGET_NAME)";
			};
			name = Debug;
		};
		BBECC5A51A3E1E3E004C0DED /* Release */ = {
			isa = XCBuildConfiguration;
			buildSettings = {
				COMBINE_HIDPI_IMAGES = YES;
				FRAMEWORK_SEARCH_PATHS = (
					"$(DEVELOPER_FRAMEWORKS_DIR)",
					"$(inherited)",
				);
				INFOPLIST_FILE = "ObjCAlgorithmsTests/Supporting Files/Info.plist";
				LD_RUNPATH_SEARCH_PATHS = "$(inherited) @executable_path/../Frameworks @loader_path/../Frameworks";
				PRODUCT_NAME = "$(TARGET_NAME)";
			};
			name = Release;
		};
/* End XCBuildConfiguration section */

/* Begin XCConfigurationList section */
		BBECC58A1A3E1D8D004C0DED /* Build configuration list for PBXProject "ObjCAlgorithms" */ = {
			isa = XCConfigurationList;
			buildConfigurations = (
				BBECC5941A3E1D8D004C0DED /* Debug */,
				BBECC5951A3E1D8D004C0DED /* Release */,
			);
			defaultConfigurationIsVisible = 0;
			defaultConfigurationName = Release;
		};
		BBECC5961A3E1D8D004C0DED /* Build configuration list for PBXNativeTarget "ObjCAlgorithms" */ = {
			isa = XCConfigurationList;
			buildConfigurations = (
				BBECC5971A3E1D8D004C0DED /* Debug */,
				BBECC5981A3E1D8D004C0DED /* Release */,
			);
			defaultConfigurationIsVisible = 0;
			defaultConfigurationName = Release;
		};
		BBECC5A31A3E1E3E004C0DED /* Build configuration list for PBXNativeTarget "ObjCAlgorithmsTests" */ = {
			isa = XCConfigurationList;
			buildConfigurations = (
				BBECC5A41A3E1E3E004C0DED /* Debug */,
				BBECC5A51A3E1E3E004C0DED /* Release */,
			);
			defaultConfigurationIsVisible = 0;
			defaultConfigurationName = Release;
		};
/* End XCConfigurationList section */
	};
	rootObject = BBECC5871A3E1D8D004C0DED /* Project object */;
}
