// !$*UTF8*$!
{
	archiveVersion = 1;
	classes = {
	};
	objectVersion = 46;
	objects = {

/* Begin PBXBuildFile section */
		BB55C71D1A47F10800CEF3C4 /* JVLinkedNode.m in Sources */ = {isa = PBXBuildFile; fileRef = BB55C71C1A47F10800CEF3C4 /* JVLinkedNode.m */; };
		BB55C71E1A47F10800CEF3C4 /* JVLinkedNode.m in Sources */ = {isa = PBXBuildFile; fileRef = BB55C71C1A47F10800CEF3C4 /* JVLinkedNode.m */; };
		BB55C7231A47F24E00CEF3C4 /* JVLinkedList.m in Sources */ = {isa = PBXBuildFile; fileRef = BB55C7221A47F24E00CEF3C4 /* JVLinkedList.m */; };
		BB55C7241A47F24E00CEF3C4 /* JVLinkedList.m in Sources */ = {isa = PBXBuildFile; fileRef = BB55C7221A47F24E00CEF3C4 /* JVLinkedList.m */; };
		BB55C72C1A48063700CEF3C4 /* JVTree.m in Sources */ = {isa = PBXBuildFile; fileRef = BB55C72B1A48063700CEF3C4 /* JVTree.m */; };
		BB55C72D1A48063700CEF3C4 /* JVTree.m in Sources */ = {isa = PBXBuildFile; fileRef = BB55C72B1A48063700CEF3C4 /* JVTree.m */; };
		BB55C73E1A4897A100CEF3C4 /* JVBinaryTree.m in Sources */ = {isa = PBXBuildFile; fileRef = BB55C73D1A4897A100CEF3C4 /* JVBinaryTree.m */; };
		BB55C73F1A4897A100CEF3C4 /* JVBinaryTree.m in Sources */ = {isa = PBXBuildFile; fileRef = BB55C73D1A4897A100CEF3C4 /* JVBinaryTree.m */; };
		BB55C7421A48E2F100CEF3C4 /* JVQueue.m in Sources */ = {isa = PBXBuildFile; fileRef = BB55C7411A48E2F100CEF3C4 /* JVQueue.m */; };
		BB55C7431A48E2F100CEF3C4 /* JVQueue.m in Sources */ = {isa = PBXBuildFile; fileRef = BB55C7411A48E2F100CEF3C4 /* JVQueue.m */; };
		BBECC5931A3E1D8D004C0DED /* main.m in Sources */ = {isa = PBXBuildFile; fileRef = BBECC5921A3E1D8D004C0DED /* main.m */; };
		BBECC5A21A3E1E3E004C0DED /* Tests.m in Sources */ = {isa = PBXBuildFile; fileRef = BBECC5A11A3E1E3E004C0DED /* Tests.m */; };
		BBECC5B31A3E2319004C0DED /* JVReversePolish.m in Sources */ = {isa = PBXBuildFile; fileRef = BBECC5B21A3E2319004C0DED /* JVReversePolish.m */; };
		BBECC5B41A3E2319004C0DED /* JVReversePolish.m in Sources */ = {isa = PBXBuildFile; fileRef = BBECC5B21A3E2319004C0DED /* JVReversePolish.m */; };
		BBECC5B81A3E2748004C0DED /* JVStack.m in Sources */ = {isa = PBXBuildFile; fileRef = BBECC5B71A3E2748004C0DED /* JVStack.m */; };
		BBECC5B91A3E2748004C0DED /* JVStack.m in Sources */ = {isa = PBXBuildFile; fileRef = BBECC5B71A3E2748004C0DED /* JVStack.m */; };
		BBECC5BC1A3E34FB004C0DED /* JVPalindromic.m in Sources */ = {isa = PBXBuildFile; fileRef = BBECC5BB1A3E34FB004C0DED /* JVPalindromic.m */; };
		BBECC5BD1A3E3A17004C0DED /* JVPalindromic.m in Sources */ = {isa = PBXBuildFile; fileRef = BBECC5BB1A3E34FB004C0DED /* JVPalindromic.m */; };
		BBECC5BF1A3E3AB0004C0DED /* TestData in Resources */ = {isa = PBXBuildFile; fileRef = BBECC5BE1A3E3AB0004C0DED /* TestData */; };
/* End PBXBuildFile section */

/* Begin PBXCopyFilesBuildPhase section */
		BBECC58D1A3E1D8D004C0DED /* CopyFiles */ = {
			isa = PBXCopyFilesBuildPhase;
			buildActionMask = 2147483647;
			dstPath = /usr/share/man/man1/;
			dstSubfolderSpec = 0;
			files = (
			);
			runOnlyForDeploymentPostprocessing = 1;
		};
/* End PBXCopyFilesBuildPhase section */

/* Begin PBXFileReference section */
		BB55C71B1A47F10800CEF3C4 /* JVLinkedNode.h */ = {isa = PBXFileReference; fileEncoding = 4; lastKnownFileType = sourcecode.c.h; name = JVLinkedNode.h; path = Helpers/JVLinkedNode.h; sourceTree = "<group>"; };
		BB55C71C1A47F10800CEF3C4 /* JVLinkedNode.m */ = {isa = PBXFileReference; fileEncoding = 4; lastKnownFileType = sourcecode.c.objc; name = JVLinkedNode.m; path = Helpers/JVLinkedNode.m; sourceTree = "<group>"; };
		BB55C7211A47F24E00CEF3C4 /* JVLinkedList.h */ = {isa = PBXFileReference; fileEncoding = 4; lastKnownFileType = sourcecode.c.h; path = JVLinkedList.h; sourceTree = "<group>"; };
		BB55C7221A47F24E00CEF3C4 /* JVLinkedList.m */ = {isa = PBXFileReference; fileEncoding = 4; lastKnownFileType = sourcecode.c.objc; path = JVLinkedList.m; sourceTree = "<group>"; };
		BB55C72A1A48063700CEF3C4 /* JVTree.h */ = {isa = PBXFileReference; fileEncoding = 4; lastKnownFileType = sourcecode.c.h; path = JVTree.h; sourceTree = "<group>"; };
		BB55C72B1A48063700CEF3C4 /* JVTree.m */ = {isa = PBXFileReference; fileEncoding = 4; lastKnownFileType = sourcecode.c.objc; path = JVTree.m; sourceTree = "<group>"; };
		BB55C73C1A4897A100CEF3C4 /* JVBinaryTree.h */ = {isa = PBXFileReference; fileEncoding = 4; lastKnownFileType = sourcecode.c.h; path = JVBinaryTree.h; sourceTree = "<group>"; };
		BB55C73D1A4897A100CEF3C4 /* JVBinaryTree.m */ = {isa = PBXFileReference; fileEncoding = 4; lastKnownFileType = sourcecode.c.objc; path = JVBinaryTree.m; sourceTree = "<group>"; };
		BB55C7401A48E2F100CEF3C4 /* JVQueue.h */ = {isa = PBXFileReference; fileEncoding = 4; lastKnownFileType = sourcecode.c.h; path = JVQueue.h; sourceTree = "<group>"; };
		BB55C7411A48E2F100CEF3C4 /* JVQueue.m */ = {isa = PBXFileReference; fileEncoding = 4; lastKnownFileType = sourcecode.c.objc; path = JVQueue.m; sourceTree = "<group>"; };
		BBECC58F1A3E1D8D004C0DED /* ObjCAlgorithms */ = {isa = PBXFileReference; explicitFileType = "compiled.mach-o.executable"; includeInIndex = 0; path = ObjCAlgorithms; sourceTree = BUILT_PRODUCTS_DIR; };
		BBECC5921A3E1D8D004C0DED /* main.m */ = {isa = PBXFileReference; lastKnownFileType = sourcecode.c.objc; path = main.m; sourceTree = "<group>"; };
		BBECC59D1A3E1E3E004C0DED /* ObjCAlgorithmsTests.xctest */ = {isa = PBXFileReference; explicitFileType = wrapper.cfbundle; includeInIndex = 0; path = ObjCAlgorithmsTests.xctest; sourceTree = BUILT_PRODUCTS_DIR; };
		BBECC5A01A3E1E3E004C0DED /* Info.plist */ = {isa = PBXFileReference; lastKnownFileType = text.plist.xml; path = Info.plist; sourceTree = "<group>"; };
		BBECC5A11A3E1E3E004C0DED /* Tests.m */ = {isa = PBXFileReference; lastKnownFileType = sourcecode.c.objc; path = Tests.m; sourceTree = "<group>"; };
		BBECC5B11A3E2319004C0DED /* JVReversePolish.h */ = {isa = PBXFileReference; fileEncoding = 4; lastKnownFileType = sourcecode.c.h; path = JVReversePolish.h; sourceTree = "<group>"; };
		BBECC5B21A3E2319004C0DED /* JVReversePolish.m */ = {isa = PBXFileReference; fileEncoding = 4; lastKnownFileType = sourcecode.c.objc; path = JVReversePolish.m; sourceTree = "<group>"; };
		BBECC5B61A3E2748004C0DED /* JVStack.h */ = {isa = PBXFileReference; fileEncoding = 4; lastKnownFileType = sourcecode.c.h; path = JVStack.h; sourceTree = "<group>"; };
		BBECC5B71A3E2748004C0DED /* JVStack.m */ = {isa = PBXFileReference; fileEncoding = 4; lastKnownFileType = sourcecode.c.objc; path = JVStack.m; sourceTree = "<group>"; };
		BBECC5BA1A3E34FB004C0DED /* JVPalindromic.h */ = {isa = PBXFileReference; fileEncoding = 4; lastKnownFileType = sourcecode.c.h; path = JVPalindromic.h; sourceTree = "<group>"; };
		BBECC5BB1A3E34FB004C0DED /* JVPalindromic.m */ = {isa = PBXFileReference; fileEncoding = 4; lastKnownFileType = sourcecode.c.objc; path = JVPalindromic.m; sourceTree = "<group>"; };
		BBECC5BE1A3E3AB0004C0DED /* TestData */ = {isa = PBXFileReference; lastKnownFileType = folder; name = TestData; path = "../../../C#/AlgorithmTests/TestData"; sourceTree = "<group>"; };
/* End PBXFileReference section */

/* Begin PBXFrameworksBuildPhase section */
		BBECC58C1A3E1D8D004C0DED /* Frameworks */ = {
			isa = PBXFrameworksBuildPhase;
			buildActionMask = 2147483647;
			files = (
			);
			runOnlyForDeploymentPostprocessing = 0;
		};
		BBECC59A1A3E1E3E004C0DED /* Frameworks */ = {
			isa = PBXFrameworksBuildPhase;
			buildActionMask = 2147483647;
			files = (
			);
			runOnlyForDeploymentPostprocessing = 0;
		};
/* End PBXFrameworksBuildPhase section */

/* Begin PBXGroup section */
		BB55C71F1A47F23B00CEF3C4 /* Data structures */ = {
			isa = PBXGroup;
			children = (
				BB55C7251A48034500CEF3C4 /* Trees */,
				BB55C7201A47F23E00CEF3C4 /* Linked lists */,
			);
			name = "Data structures";
			sourceTree = "<group>";
		};
		BB55C7201A47F23E00CEF3C4 /* Linked lists */ = {
			isa = PBXGroup;
			children = (
				BB55C71B1A47F10800CEF3C4 /* JVLinkedNode.h */,
				BB55C71C1A47F10800CEF3C4 /* JVLinkedNode.m */,
				BB55C7211A47F24E00CEF3C4 /* JVLinkedList.h */,
				BB55C7221A47F24E00CEF3C4 /* JVLinkedList.m */,
			);
			name = "Linked lists";
			sourceTree = "<group>";
		};
		BB55C7251A48034500CEF3C4 /* Trees */ = {
			isa = PBXGroup;
			children = (
				BB55C7371A48977600CEF3C4 /* Binary trees */,
				BB55C72A1A48063700CEF3C4 /* JVTree.h */,
				BB55C72B1A48063700CEF3C4 /* JVTree.m */,
			);
			name = Trees;
			sourceTree = "<group>";
		};
		BB55C7371A48977600CEF3C4 /* Binary trees */ = {
			isa = PBXGroup;
			children = (
				BB55C73C1A4897A100CEF3C4 /* JVBinaryTree.h */,
				BB55C73D1A4897A100CEF3C4 /* JVBinaryTree.m */,
			);
			name = "Binary trees";
			sourceTree = "<group>";
		};
		BBECC5861A3E1D8D004C0DED = {
			isa = PBXGroup;
			children = (
				BBECC5911A3E1D8D004C0DED /* ObjCAlgorithms */,
				BBECC59E1A3E1E3E004C0DED /* ObjCAlgorithmsTests */,
				BBECC5901A3E1D8D004C0DED /* Products */,
			);
			sourceTree = "<group>";
		};
		BBECC5901A3E1D8D004C0DED /* Products */ = {
			isa = PBXGroup;
			children = (
				BBECC58F1A3E1D8D004C0DED /* ObjCAlgorithms */,
				BBECC59D1A3E1E3E004C0DED /* ObjCAlgorithmsTests.xctest */,
			);
			name = Products;
			sourceTree = "<group>";
		};
		BBECC5911A3E1D8D004C0DED /* ObjCAlgorithms */ = {
			isa = PBXGroup;
			children = (
				BB55C71F1A47F23B00CEF3C4 /* Data structures */,
				BBECC5B51A3E273B004C0DED /* Helpers */,
				BBECC5AF1A3E22E3004C0DED /* StringArrayMatrix */,
				BBECC5921A3E1D8D004C0DED /* main.m */,
			);
			path = ObjCAlgorithms;
			sourceTree = "<group>";
		};
		BBECC59E1A3E1E3E004C0DED /* ObjCAlgorithmsTests */ = {
			isa = PBXGroup;
			children = (
				BBECC5BE1A3E3AB0004C0DED /* TestData */,
				BBECC5A11A3E1E3E004C0DED /* Tests.m */,
				BBECC59F1A3E1E3E004C0DED /* Supporting Files */,
			);
			path = ObjCAlgorithmsTests;
			sourceTree = "<group>";
		};
		BBECC59F1A3E1E3E004C0DED /* Supporting Files */ = {
			isa = PBXGroup;
			children = (
				BBECC5A01A3E1E3E004C0DED /* Info.plist */,
			);
			path = "Supporting Files";
			sourceTree = "<group>";
		};
		BBECC5AF1A3E22E3004C0DED /* StringArrayMatrix */ = {
			isa = PBXGroup;
			children = (
				BBECC5B11A3E2319004C0DED /* JVReversePolish.h */,
				BBECC5B21A3E2319004C0DED /* JVReversePolish.m */,
				BBECC5BA1A3E34FB004C0DED /* JVPalindromic.h */,
				BBECC5BB1A3E34FB004C0DED /* JVPalindromic.m */,
			);
			path = StringArrayMatrix;
			sourceTree = "<group>";
		};
		BBECC5B51A3E273B004C0DED /* Helpers */ = {
			isa = PBXGroup;
			children = (
				BBECC5B61A3E2748004C0DED /* JVStack.h */,
				BBECC5B71A3E2748004C0DED /* JVStack.m */,
				BB55C7401A48E2F100CEF3C4 /* JVQueue.h */,
				BB55C7411A48E2F100CEF3C4 /* JVQueue.m */,
			);
			path = Helpers;
			sourceTree = "<group>";
		};
/* End PBXGroup section */

/* Begin PBXNativeTarget section */
		BBECC58E1A3E1D8D004C0DED /* ObjCAlgorithms */ = {
			isa = PBXNativeTarget;
			buildConfigurationList = BBECC5961A3E1D8D004C0DED /* Build configuration list for PBXNativeTarget "ObjCAlgorithms" */;
			buildPhases = (
				BBECC58B1A3E1D8D004C0DED /* Sources */,
				BBECC58C1A3E1D8D004C0DED /* Frameworks */,
				BBECC58D1A3E1D8D004C0DED /* CopyFiles */,
			);
			buildRules = (
			);
			dependencies = (
			);
			name = ObjCAlgorithms;
			productName = ObjCAlgorithms;
			productReference = BBECC58F1A3E1D8D004C0DED /* ObjCAlgorithms */;
			productType = "com.apple.product-type.tool";
		};
		BBECC59C1A3E1E3E004C0DED /* ObjCAlgorithmsTests */ = {
			isa = PBXNativeTarget;
			buildConfigurationList = BBECC5A31A3E1E3E004C0DED /* Build configuration list for PBXNativeTarget "ObjCAlgorithmsTests" */;
			buildPhases = (
				BBECC5991A3E1E3E004C0DED /* Sources */,
				BBECC59A1A3E1E3E004C0DED /* Frameworks */,
				BBECC59B1A3E1E3E004C0DED /* Resources */,
			);
			buildRules = (
			);
			dependencies = (
			);
			name = ObjCAlgorithmsTests;
			productName = ObjCAlgorithmsTests;
			productReference = BBECC59D1A3E1E3E004C0DED /* ObjCAlgorithmsTests.xctest */;
			productType = "com.apple.product-type.bundle.unit-test";
		};
/* End PBXNativeTarget section */

/* Begin PBXProject section */
		BBECC5871A3E1D8D004C0DED /* Project object */ = {
			isa = PBXProject;
			attributes = {
				LastUpgradeCheck = 0610;
				ORGANIZATIONNAME = "Jozsef Vesza";
				TargetAttributes = {
					BBECC58E1A3E1D8D004C0DED = {
						CreatedOnToolsVersion = 6.1.1;
					};
					BBECC59C1A3E1E3E004C0DED = {
						CreatedOnToolsVersion = 6.1.1;
					};
				};
			};
			buildConfigurationList = BBECC58A1A3E1D8D004C0DED /* Build configuration list for PBXProject "ObjCAlgorithms" */;
			compatibilityVersion = "Xcode 3.2";
			developmentRegion = English;
			hasScannedForEncodings = 0;
			knownRegions = (
				en,
			);
			mainGroup = BBECC5861A3E1D8D004C0DED;
			productRefGroup = BBECC5901A3E1D8D004C0DED /* Products */;
			projectDirPath = "";
			projectRoot = "";
			targets = (
				BBECC58E1A3E1D8D004C0DED /* ObjCAlgorithms */,
				BBECC59C1A3E1E3E004C0DED /* ObjCAlgorithmsTests */,
			);
		};
/* End PBXProject section */

/* Begin PBXResourcesBuildPhase section */
		BBECC59B1A3E1E3E004C0DED /* Resources */ = {
			isa = PBXResourcesBuildPhase;
			buildActionMask = 2147483647;
			files = (
				BBECC5BF1A3E3AB0004C0DED /* TestData in Resources */,
			);
			runOnlyForDeploymentPostprocessing = 0;
		};
/* End PBXResourcesBuildPhase section */

/* Begin PBXSourcesBuildPhase section */
		BBECC58B1A3E1D8D004C0DED /* Sources */ = {
			isa = PBXSourcesBuildPhase;
			buildActionMask = 2147483647;
			files = (
				BB55C72C1A48063700CEF3C4 /* JVTree.m in Sources */,
				BB55C7231A47F24E00CEF3C4 /* JVLinkedList.m in Sources */,
				BB55C7421A48E2F100CEF3C4 /* JVQueue.m in Sources */,
				BBECC5B81A3E2748004C0DED /* JVStack.m in Sources */,
				BBECC5931A3E1D8D004C0DED /* main.m in Sources */,
				BBECC5BC1A3E34FB004C0DED /* JVPalindromic.m in Sources */,
				BB55C71D1A47F10800CEF3C4 /* JVLinkedNode.m in Sources */,
				BB55C73E1A4897A100CEF3C4 /* JVBinaryTree.m in Sources */,
				BBECC5B31A3E2319004C0DED /* JVReversePolish.m in Sources */,
			);
			runOnlyForDeploymentPostprocessing = 0;
		};
		BBECC5991A3E1E3E004C0DED /* Sources */ = {
			isa = PBXSourcesBuildPhase;
			buildActionMask = 2147483647;
			files = (
				BB55C72D1A48063700CEF3C4 /* JVTree.m in Sources */,
				BB55C7241A47F24E00CEF3C4 /* JVLinkedList.m in Sources */,
				BB55C7431A48E2F100CEF3C4 /* JVQueue.m in Sources */,
				BBECC5B91A3E2748004C0DED /* JVStack.m in Sources */,
				BBECC5A21A3E1E3E004C0DED /* Tests.m in Sources */,
				BBECC5BD1A3E3A17004C0DED /* JVPalindromic.m in Sources */,
				BB55C71E1A47F10800CEF3C4 /* JVLinkedNode.m in Sources */,
				BB55C73F1A4897A100CEF3C4 /* JVBinaryTree.m in Sources */,
				BBECC5B41A3E2319004C0DED /* JVReversePolish.m in Sources */,
			);
			runOnlyForDeploymentPostprocessing = 0;
		};
/* End PBXSourcesBuildPhase section */

/* Begin XCBuildConfiguration section */
		BBECC5941A3E1D8D004C0DED /* Debug */ = {
			isa = XCBuildConfiguration;
			buildSettings = {
				ALWAYS_SEARCH_USER_PATHS = NO;
				CLANG_CXX_LANGUAGE_STANDARD = "gnu++0x";
				CLANG_CXX_LIBRARY = "libc++";
				CLANG_ENABLE_MODULES = YES;
				CLANG_ENABLE_OBJC_ARC = YES;
				CLANG_WARN_BOOL_CONVERSION = YES;
				CLANG_WARN_CONSTANT_CONVERSION = YES;
				CLANG_WARN_DIRECT_OBJC_ISA_USAGE = YES_ERROR;
				CLANG_WARN_EMPTY_BODY = YES;
				CLANG_WARN_ENUM_CONVERSION = YES;
				CLANG_WARN_INT_CONVERSION = YES;
				CLANG_WARN_OBJC_ROOT_CLASS = YES_ERROR;
				CLANG_WARN_UNREACHABLE_CODE = YES;
				CLANG_WARN__DUPLICATE_METHOD_MATCH = YES;
				COPY_PHASE_STRIP = NO;
				ENABLE_STRICT_OBJC_MSGSEND = YES;
				GCC_C_LANGUAGE_STANDARD = gnu99;
				GCC_DYNAMIC_NO_PIC = NO;
				GCC_OPTIMIZATION_LEVEL = 0;
				GCC_PREPROCESSOR_DEFINITIONS = (
					"DEBUG=1",
					"$(inherited)",
				);
				GCC_SYMBOLS_PRIVATE_EXTERN = NO;
				GCC_WARN_64_TO_32_BIT_CONVERSION = YES;
				GCC_WARN_ABOUT_RETURN_TYPE = YES_ERROR;
				GCC_WARN_UNDECLARED_SELECTOR = YES;
				GCC_WARN_UNINITIALIZED_AUTOS = YES_AGGRESSIVE;
				GCC_WARN_UNUSED_FUNCTION = YES;
				GCC_WARN_UNUSED_VARIABLE = YES;
				MACOSX_DEPLOYMENT_TARGET = 10.10;
				MTL_ENABLE_DEBUG_INFO = YES;
				ONLY_ACTIVE_ARCH = YES;
				SDKROOT = macosx;
			};
			name = Debug;
		};
		BBECC5951A3E1D8D004C0DED /* Release */ = {
			isa = XCBuildConfiguration;
			buildSettings = {
				ALWAYS_SEARCH_USER_PATHS = NO;
				CLANG_CXX_LANGUAGE_STANDARD = "gnu++0x";
				CLANG_CXX_LIBRARY = "libc++";
				CLANG_ENABLE_MODULES = YES;
				CLANG_ENABLE_OBJC_ARC = YES;
				CLANG_WARN_BOOL_CONVERSION = YES;
				CLANG_WARN_CONSTANT_CONVERSION = YES;
				CLANG_WARN_DIRECT_OBJC_ISA_USAGE = YES_ERROR;
				CLANG_WARN_EMPTY_BODY = YES;
				CLANG_WARN_ENUM_CONVERSION = YES;
				CLANG_WARN_INT_CONVERSION = YES;
				CLANG_WARN_OBJC_ROOT_CLASS = YES_ERROR;
				CLANG_WARN_UNREACHABLE_CODE = YES;
				CLANG_WARN__DUPLICATE_METHOD_MATCH = YES;
				COPY_PHASE_STRIP = YES;
				DEBUG_INFORMATION_FORMAT = "dwarf-with-dsym";
				ENABLE_NS_ASSERTIONS = NO;
				ENABLE_STRICT_OBJC_MSGSEND = YES;
				GCC_C_LANGUAGE_STANDARD = gnu99;
				GCC_WARN_64_TO_32_BIT_CONVERSION = YES;
				GCC_WARN_ABOUT_RETURN_TYPE = YES_ERROR;
				GCC_WARN_UNDECLARED_SELECTOR = YES;
				GCC_WARN_UNINITIALIZED_AUTOS = YES_AGGRESSIVE;
				GCC_WARN_UNUSED_FUNCTION = YES;
				GCC_WARN_UNUSED_VARIABLE = YES;
				MACOSX_DEPLOYMENT_TARGET = 10.10;
				MTL_ENABLE_DEBUG_INFO = NO;
				SDKROOT = macosx;
			};
			name = Release;
		};
		BBECC5971A3E1D8D004C0DED /* Debug */ = {
			isa = XCBuildConfiguration;
			buildSettings = {
				PRODUCT_NAME = "$(TARGET_NAME)";
			};
			name = Debug;
		};
		BBECC5981A3E1D8D004C0DED /* Release */ = {
			isa = XCBuildConfiguration;
			buildSettings = {
				PRODUCT_NAME = "$(TARGET_NAME)";
			};
			name = Release;
		};
		BBECC5A41A3E1E3E004C0DED /* Debug */ = {
			isa = XCBuildConfiguration;
			buildSettings = {
				COMBINE_HIDPI_IMAGES = YES;
				FRAMEWORK_SEARCH_PATHS = (
					"$(DEVELOPER_FRAMEWORKS_DIR)",
					"$(inherited)",
				);
				GCC_PREPROCESSOR_DEFINITIONS = (
					"DEBUG=1",
					"$(inherited)",
				);
				INFOPLIST_FILE = "ObjCAlgorithmsTests/Supporting Files/Info.plist";
				LD_RUNPATH_SEARCH_PATHS = "$(inherited) @executable_path/../Frameworks @loader_path/../Frameworks";
				PRODUCT_NAME = "$(TARGET_NAME)";
			};
			name = Debug;
		};
		BBECC5A51A3E1E3E004C0DED /* Release */ = {
			isa = XCBuildConfiguration;
			buildSettings = {
				COMBINE_HIDPI_IMAGES = YES;
				FRAMEWORK_SEARCH_PATHS = (
					"$(DEVELOPER_FRAMEWORKS_DIR)",
					"$(inherited)",
				);
				INFOPLIST_FILE = "ObjCAlgorithmsTests/Supporting Files/Info.plist";
				LD_RUNPATH_SEARCH_PATHS = "$(inherited) @executable_path/../Frameworks @loader_path/../Frameworks";
				PRODUCT_NAME = "$(TARGET_NAME)";
			};
			name = Release;
		};
/* End XCBuildConfiguration section */

/* Begin XCConfigurationList section */
		BBECC58A1A3E1D8D004C0DED /* Build configuration list for PBXProject "ObjCAlgorithms" */ = {
			isa = XCConfigurationList;
			buildConfigurations = (
				BBECC5941A3E1D8D004C0DED /* Debug */,
				BBECC5951A3E1D8D004C0DED /* Release */,
			);
			defaultConfigurationIsVisible = 0;
			defaultConfigurationName = Release;
		};
		BBECC5961A3E1D8D004C0DED /* Build configuration list for PBXNativeTarget "ObjCAlgorithms" */ = {
			isa = XCConfigurationList;
			buildConfigurations = (
				BBECC5971A3E1D8D004C0DED /* Debug */,
				BBECC5981A3E1D8D004C0DED /* Release */,
			);
			defaultConfigurationIsVisible = 0;
			defaultConfigurationName = Release;
		};
		BBECC5A31A3E1E3E004C0DED /* Build configuration list for PBXNativeTarget "ObjCAlgorithmsTests" */ = {
			isa = XCConfigurationList;
			buildConfigurations = (
				BBECC5A41A3E1E3E004C0DED /* Debug */,
				BBECC5A51A3E1E3E004C0DED /* Release */,
			);
			defaultConfigurationIsVisible = 0;
			defaultConfigurationName = Release;
		};
/* End XCConfigurationList section */
	};
	rootObject = BBECC5871A3E1D8D004C0DED /* Project object */;
}
